
Microsoft Visual Studio Solution File, Format Version 12.00
# Visual Studio Version 17
VisualStudioVersion = 17.1.32319.34
MinimumVisualStudioVersion = 10.0.40219.1
Project("{2150E333-8FDC-42A3-9474-1A3956D46DE8}") = "99_Other", "99_Other", "{503F8C5D-36D7-43D5-A401-BE99FE775150}"
EndProject
Project("{2150E333-8FDC-42A3-9474-1A3956D46DE8}") = "50_WorkTool", "50_WorkTool", "{080E12BE-B3FC-4CF6-913C-A8DF562541E0}"
EndProject
Project("{2150E333-8FDC-42A3-9474-1A3956D46DE8}") = "01_Core", "01_Core", "{6CB54DEF-B455-49A6-A224-A4CBD953406C}"
EndProject
Project("{2150E333-8FDC-42A3-9474-1A3956D46DE8}") = "40_MiniWinFormApp", "40_MiniWinFormApp", "{764B2F99-6A39-4161-B112-5258AE8A865F}"
EndProject
Project("{2150E333-8FDC-42A3-9474-1A3956D46DE8}") = "10_MyPeachNet", "10_MyPeachNet", "{A2FE84C4-0194-4926-BDF9-A7E1917162A9}"
EndProject
Project("{2150E333-8FDC-42A3-9474-1A3956D46DE8}") = "20_AutoSQLExcutor", "20_AutoSQLExcutor", "{25C46FA5-3ABF-42C0-AD54-4CEDF17588F9}"
EndProject
Project("{FAE04EC0-301F-11D3-BF4B-00C04F79EFBC}") = "Breezee.Core", "01_BreezeeCore\Breezee.Core\Breezee.Core.csproj", "{56A30012-16A2-40E5-8F61-BCC7781AF675}"
EndProject
Project("{FAE04EC0-301F-11D3-BF4B-00C04F79EFBC}") = "Breezee.Core.Adapter.BLL", "01_BreezeeCore\Breezee.Core.Adapter.BLL\Breezee.Core.Adapter.BLL.csproj", "{7F3625FA-DC5E-4B66-9DA9-279FAD777059}"
EndProject
Project("{FAE04EC0-301F-11D3-BF4B-00C04F79EFBC}") = "Breezee.Core.Adapter.IBLL", "01_BreezeeCore\Breezee.Core.Adapter.IBLL\Breezee.Core.Adapter.IBLL.csproj", "{9660A40D-8F0D-481A-94FC-718065F078FE}"
EndProject
Project("{FAE04EC0-301F-11D3-BF4B-00C04F79EFBC}") = "Breezee.Core.Doc", "01_BreezeeCore\Breezee.Core.Doc\Breezee.Core.Doc.csproj", "{397D32F5-8103-4FD9-B6AE-0AC100302675}"
EndProject
Project("{FAE04EC0-301F-11D3-BF4B-00C04F79EFBC}") = "Breezee.Core.Entity", "01_BreezeeCore\Breezee.Core.Entity\Breezee.Core.Entity.csproj", "{E76F9589-408B-4963-92F2-CFB0A8985051}"
EndProject
Project("{FAE04EC0-301F-11D3-BF4B-00C04F79EFBC}") = "Breezee.Core.Interface", "01_BreezeeCore\Breezee.Core.Interface\Breezee.Core.Interface.csproj", "{1CADC5E8-A5A0-4EB2-BD6B-5C5F67CA0456}"
EndProject
Project("{FAE04EC0-301F-11D3-BF4B-00C04F79EFBC}") = "Breezee.Core.IOC", "01_BreezeeCore\Breezee.Core.IOC\Breezee.Core.IOC.csproj", "{4E2C2D56-DACD-48F1-846B-82B2A92855ED}"
EndProject
Project("{FAE04EC0-301F-11D3-BF4B-00C04F79EFBC}") = "Breezee.Core.Tool", "01_BreezeeCore\Breezee.Core.Tool\Breezee.Core.Tool.csproj", "{B6C2C089-6B55-44AF-B4C1-632668AF76A4}"
EndProject
Project("{FAE04EC0-301F-11D3-BF4B-00C04F79EFBC}") = "Breezee.Core.WinFormUI", "01_BreezeeCore\Breezee.Core.WinFormUI\Breezee.Core.WinFormUI.csproj", "{0BCC26FF-032E-4295-9929-8637BFFB65F1}"
EndProject
Project("{FAE04EC0-301F-11D3-BF4B-00C04F79EFBC}") = "MyPeach.Net", "10_MyPeachNet\MyPeach.Net\MyPeach.Net.csproj", "{FFA388F6-518F-411F-B50D-3389BBAEE380}"
EndProject
Project("{FAE04EC0-301F-11D3-BF4B-00C04F79EFBC}") = "MyPeachNetTest", "10_MyPeachNet\MyPeachNetTest\MyPeachNetTest.csproj", "{DA0BB6AE-743C-41BC-8CCA-48C127CD2C0B}"
EndProject
Project("{FAE04EC0-301F-11D3-BF4B-00C04F79EFBC}") = "Breezee.AutoSQLExecutor.Common", "20_AutoSQLExcutor\Breezee.AutoSQLExecutor.Common\Breezee.AutoSQLExecutor.Common.csproj", "{7728BC8B-39DF-4ECB-89F9-7AC34C2EA416}"
EndProject
Project("{FAE04EC0-301F-11D3-BF4B-00C04F79EFBC}") = "Breezee.AutoSQLExecutor.Core", "20_AutoSQLExcutor\Breezee.AutoSQLExecutor.Core\Breezee.AutoSQLExecutor.Core.csproj", "{A975AFED-639E-40AA-9698-9A6F0FCD7421}"
EndProject
Project("{FAE04EC0-301F-11D3-BF4B-00C04F79EFBC}") = "Breezee.AutoSQLExecutor.MySql", "20_AutoSQLExcutor\Breezee.AutoSQLExecutor.MySql\Breezee.AutoSQLExecutor.MySql.csproj", "{81297014-27AD-4371-8AA8-E0CBE741CF6D}"
EndProject
Project("{FAE04EC0-301F-11D3-BF4B-00C04F79EFBC}") = "Breezee.AutoSQLExecutor.Oracle", "20_AutoSQLExcutor\Breezee.AutoSQLExecutor.Oracle\Breezee.AutoSQLExecutor.Oracle.csproj", "{27E89968-C24E-447A-97D7-E67CAD57CD13}"
EndProject
Project("{FAE04EC0-301F-11D3-BF4B-00C04F79EFBC}") = "Breezee.AutoSQLExecutor.PostgreSQL", "20_AutoSQLExcutor\Breezee.AutoSQLExecutor.PostgreSQL\Breezee.AutoSQLExecutor.PostgreSQL.csproj", "{4C1A002B-F0DB-4A72-B160-69134082BCAD}"
EndProject
Project("{FAE04EC0-301F-11D3-BF4B-00C04F79EFBC}") = "Breezee.AutoSQLExecutor.SQLite", "20_AutoSQLExcutor\Breezee.AutoSQLExecutor.SQLite\Breezee.AutoSQLExecutor.SQLite.csproj", "{62A500E0-7044-4866-B4F3-509EAD4EB9E0}"
EndProject
Project("{FAE04EC0-301F-11D3-BF4B-00C04F79EFBC}") = "Breezee.AutoSQLExecutor.Test", "20_AutoSQLExcutor\Breezee.AutoSQLExecutor.Test\Breezee.AutoSQLExecutor.Test.csproj", "{A49B0283-6650-4C57-B5E4-97C3616F5AAD}"
EndProject
Project("{FAE04EC0-301F-11D3-BF4B-00C04F79EFBC}") = "Breezee.Framework.Mini.BLL", "40_MiniWinFormApp\Breezee.Framework.Mini.BLL\Breezee.Framework.Mini.BLL.csproj", "{F985F965-CFD2-4D51-93EA-EA634FDCC53A}"
EndProject
Project("{FAE04EC0-301F-11D3-BF4B-00C04F79EFBC}") = "Breezee.Framework.Mini.DAL", "40_MiniWinFormApp\Breezee.Framework.Mini.DAL\Breezee.Framework.Mini.DAL.csproj", "{730B34E4-FFFA-4075-A8DA-A49811D1020A}"
EndProject
Project("{FAE04EC0-301F-11D3-BF4B-00C04F79EFBC}") = "Breezee.Framework.Mini.DAL.MySql", "40_MiniWinFormApp\Breezee.Framework.Mini.DAL.MySql\Breezee.Framework.Mini.DAL.MySql.csproj", "{7434AD40-7A3A-4B27-90CB-93581FFBB1BA}"
EndProject
Project("{FAE04EC0-301F-11D3-BF4B-00C04F79EFBC}") = "Breezee.Framework.Mini.DAL.Oracle", "40_MiniWinFormApp\Breezee.Framework.Mini.DAL.Oracle\Breezee.Framework.Mini.DAL.Oracle.csproj", "{9693554B-699C-40D2-A7AA-BB1DC1A819DB}"
EndProject
Project("{FAE04EC0-301F-11D3-BF4B-00C04F79EFBC}") = "Breezee.Framework.Mini.DAL.PostgreSql", "40_MiniWinFormApp\Breezee.Framework.Mini.DAL.PostgreSql\Breezee.Framework.Mini.DAL.PostgreSql.csproj", "{387EFD97-63CA-42C5-9A81-57D3AFE952D5}"
EndProject
Project("{FAE04EC0-301F-11D3-BF4B-00C04F79EFBC}") = "Breezee.Framework.Mini.DAL.SQLite", "40_MiniWinFormApp\Breezee.Framework.Mini.DAL.SQLite\Breezee.Framework.Mini.DAL.SQLite.csproj", "{F3DF6FC6-DD7E-462C-A11F-C7801228B984}"
EndProject
Project("{FAE04EC0-301F-11D3-BF4B-00C04F79EFBC}") = "Breezee.Framework.Mini.DAL.SqlServer", "40_MiniWinFormApp\Breezee.Framework.Mini.DAL.SqlServer\Breezee.Framework.Mini.DAL.SqlServer.csproj", "{3E874903-A4C0-4733-888D-223E5AC5DF8E}"
EndProject
Project("{FAE04EC0-301F-11D3-BF4B-00C04F79EFBC}") = "Breezee.Framework.Mini.Entity", "40_MiniWinFormApp\Breezee.Framework.Mini.Entity\Breezee.Framework.Mini.Entity.csproj", "{86FC7217-A202-4750-9F05-BAC76CC77C22}"
EndProject
Project("{FAE04EC0-301F-11D3-BF4B-00C04F79EFBC}") = "Breezee.Framework.Mini.IBLL", "40_MiniWinFormApp\Breezee.Framework.Mini.IBLL\Breezee.Framework.Mini.IBLL.csproj", "{4C714227-B695-4D4B-ACC1-A742C48887BC}"
EndProject
Project("{FAE04EC0-301F-11D3-BF4B-00C04F79EFBC}") = "Breezee.Framework.Mini.IDAL", "40_MiniWinFormApp\Breezee.Framework.Mini.IDAL\Breezee.Framework.Mini.IDAL.csproj", "{F4F320F3-F0E1-45B9-A763-EB784C0D2C27}"
EndProject
Project("{FAE04EC0-301F-11D3-BF4B-00C04F79EFBC}") = "Breezee.Framework.Mini.StartUp", "40_MiniWinFormApp\Breezee.Framework.Mini.StartUp\Breezee.Framework.Mini.StartUp.csproj", "{29797A04-3A89-4455-AD02-AAD3D818E1A2}"
EndProject
Project("{FAE04EC0-301F-11D3-BF4B-00C04F79EFBC}") = "Breezee.WorkHelper.DBTool.BLL", "50_WorkTool\Breezee.WorkHelper.DBTool.BLL\Breezee.WorkHelper.DBTool.BLL.csproj", "{7A1A6B2F-B7F2-42A8-915C-67DA5DEC4594}"
EndProject
Project("{FAE04EC0-301F-11D3-BF4B-00C04F79EFBC}") = "Breezee.WorkHelper.DBTool.DAL", "50_WorkTool\Breezee.WorkHelper.DBTool.DAL\Breezee.WorkHelper.DBTool.DAL.csproj", "{A5BB9051-4319-453D-B873-D75FB2043A4C}"
EndProject
Project("{FAE04EC0-301F-11D3-BF4B-00C04F79EFBC}") = "Breezee.WorkHelper.DBTool.DAL.MySql", "50_WorkTool\Breezee.WorkHelper.DBTool.DAL.MySql\Breezee.WorkHelper.DBTool.DAL.MySql.csproj", "{1328FD1A-02C9-4D8C-AE16-BFBD11BE4846}"
EndProject
Project("{FAE04EC0-301F-11D3-BF4B-00C04F79EFBC}") = "Breezee.WorkHelper.DBTool.DAL.Oracle", "50_WorkTool\Breezee.WorkHelper.DBTool.DAL.Oracle\Breezee.WorkHelper.DBTool.DAL.Oracle.csproj", "{CBA52F1F-5B9E-4340-97D3-D1D6EE1269DD}"
EndProject
Project("{FAE04EC0-301F-11D3-BF4B-00C04F79EFBC}") = "Breezee.WorkHelper.DBTool.DAL.PostgreSql", "50_WorkTool\Breezee.WorkHelper.DBTool.DAL.PostgreSql\Breezee.WorkHelper.DBTool.DAL.PostgreSql.csproj", "{1A40508A-F77B-46D4-B91E-240B0413FF29}"
EndProject
Project("{FAE04EC0-301F-11D3-BF4B-00C04F79EFBC}") = "Breezee.WorkHelper.DBTool.DAL.SQLite", "50_WorkTool\Breezee.WorkHelper.DBTool.DAL.SQLite\Breezee.WorkHelper.DBTool.DAL.SQLite.csproj", "{D5621E7F-3B23-451B-BD62-B8E9428EC18F}"
EndProject
Project("{FAE04EC0-301F-11D3-BF4B-00C04F79EFBC}") = "Breezee.WorkHelper.DBTool.DAL.SqlServer", "50_WorkTool\Breezee.WorkHelper.DBTool.DAL.SqlServer\Breezee.WorkHelper.DBTool.DAL.SqlServer.csproj", "{8F2D4526-904D-42BF-893E-17D7E87291D4}"
EndProject
Project("{FAE04EC0-301F-11D3-BF4B-00C04F79EFBC}") = "Breezee.WorkHelper.DBTool.Entity", "50_WorkTool\Breezee.WorkHelper.DBTool.Entity\Breezee.WorkHelper.DBTool.Entity.csproj", "{2B001D7A-B4AC-441D-BB58-DD2004EF568E}"
EndProject
Project("{FAE04EC0-301F-11D3-BF4B-00C04F79EFBC}") = "Breezee.WorkHelper.DBTool.IBLL", "50_WorkTool\Breezee.WorkHelper.DBTool.IBLL\Breezee.WorkHelper.DBTool.IBLL.csproj", "{B0EC0874-ADEE-424E-BE35-6B2846CA466C}"
EndProject
Project("{FAE04EC0-301F-11D3-BF4B-00C04F79EFBC}") = "Breezee.WorkHelper.DBTool.IDAL", "50_WorkTool\Breezee.WorkHelper.DBTool.IDAL\Breezee.WorkHelper.DBTool.IDAL.csproj", "{0407C1C9-B469-48C7-9BAE-D883CAD9CCD0}"
EndProject
Project("{FAE04EC0-301F-11D3-BF4B-00C04F79EFBC}") = "Breezee.WorkHelper.DBTool.UI", "50_WorkTool\Breezee.WorkHelper.DBTool.UI\Breezee.WorkHelper.DBTool.UI.csproj", "{B94DC113-2F4F-4FF9-8833-3803B7253EB0}"
EndProject
Project("{FAE04EC0-301F-11D3-BF4B-00C04F79EFBC}") = "Breezee.WorkHelper.DBTool.Doc", "50_WorkTool\Breezee.WorkHelper.DBTool.Doc\Breezee.WorkHelper.DBTool.Doc.csproj", "{8A94EE59-5030-47C6-AFB5-EDC3048C0B63}"
EndProject
Project("{2150E333-8FDC-42A3-9474-1A3956D46DE8}") = "DataAccess", "DataAccess", "{63292A1A-E47F-479D-84F4-E4820AE7A377}"
EndProject
Project("{2150E333-8FDC-42A3-9474-1A3956D46DE8}") = "DataAccess", "DataAccess", "{8621ABD6-FC69-4000-BBEA-F6431D94A19E}"
EndProject
Project("{FAE04EC0-301F-11D3-BF4B-00C04F79EFBC}") = "Breezee.AutoSQLExecutor.SqlServer", "20_AutoSQLExcutor\Breezee.AutoSQLExecutor.SqlServer\Breezee.AutoSQLExecutor.SqlServer.csproj", "{8FD60D3C-DC4E-4606-8139-B1561B854F80}"
EndProject
Global
	GlobalSection(SolutionConfigurationPlatforms) = preSolution
		Debug|Any CPU = Debug|Any CPU
		Debug|x86 = Debug|x86
		Release|Any CPU = Release|Any CPU
		Release|x86 = Release|x86
	EndGlobalSection
	GlobalSection(ProjectConfigurationPlatforms) = postSolution
		{56A30012-16A2-40E5-8F61-BCC7781AF675}.Debug|Any CPU.ActiveCfg = Debug|Any CPU
		{56A30012-16A2-40E5-8F61-BCC7781AF675}.Debug|Any CPU.Build.0 = Debug|Any CPU
		{56A30012-16A2-40E5-8F61-BCC7781AF675}.Debug|x86.ActiveCfg = Debug|Any CPU
		{56A30012-16A2-40E5-8F61-BCC7781AF675}.Debug|x86.Build.0 = Debug|Any CPU
		{56A30012-16A2-40E5-8F61-BCC7781AF675}.Release|Any CPU.ActiveCfg = Release|Any CPU
		{56A30012-16A2-40E5-8F61-BCC7781AF675}.Release|Any CPU.Build.0 = Release|Any CPU
		{56A30012-16A2-40E5-8F61-BCC7781AF675}.Release|x86.ActiveCfg = Release|Any CPU
		{56A30012-16A2-40E5-8F61-BCC7781AF675}.Release|x86.Build.0 = Release|Any CPU
		{7F3625FA-DC5E-4B66-9DA9-279FAD777059}.Debug|Any CPU.ActiveCfg = Debug|Any CPU
		{7F3625FA-DC5E-4B66-9DA9-279FAD777059}.Debug|Any CPU.Build.0 = Debug|Any CPU
		{7F3625FA-DC5E-4B66-9DA9-279FAD777059}.Debug|x86.ActiveCfg = Debug|Any CPU
		{7F3625FA-DC5E-4B66-9DA9-279FAD777059}.Debug|x86.Build.0 = Debug|Any CPU
		{7F3625FA-DC5E-4B66-9DA9-279FAD777059}.Release|Any CPU.ActiveCfg = Release|Any CPU
		{7F3625FA-DC5E-4B66-9DA9-279FAD777059}.Release|Any CPU.Build.0 = Release|Any CPU
		{7F3625FA-DC5E-4B66-9DA9-279FAD777059}.Release|x86.ActiveCfg = Release|Any CPU
		{7F3625FA-DC5E-4B66-9DA9-279FAD777059}.Release|x86.Build.0 = Release|Any CPU
		{9660A40D-8F0D-481A-94FC-718065F078FE}.Debug|Any CPU.ActiveCfg = Debug|Any CPU
		{9660A40D-8F0D-481A-94FC-718065F078FE}.Debug|Any CPU.Build.0 = Debug|Any CPU
		{9660A40D-8F0D-481A-94FC-718065F078FE}.Debug|x86.ActiveCfg = Debug|Any CPU
		{9660A40D-8F0D-481A-94FC-718065F078FE}.Debug|x86.Build.0 = Debug|Any CPU
		{9660A40D-8F0D-481A-94FC-718065F078FE}.Release|Any CPU.ActiveCfg = Release|Any CPU
		{9660A40D-8F0D-481A-94FC-718065F078FE}.Release|Any CPU.Build.0 = Release|Any CPU
		{9660A40D-8F0D-481A-94FC-718065F078FE}.Release|x86.ActiveCfg = Release|Any CPU
		{9660A40D-8F0D-481A-94FC-718065F078FE}.Release|x86.Build.0 = Release|Any CPU
		{397D32F5-8103-4FD9-B6AE-0AC100302675}.Debug|Any CPU.ActiveCfg = Debug|Any CPU
		{397D32F5-8103-4FD9-B6AE-0AC100302675}.Debug|Any CPU.Build.0 = Debug|Any CPU
		{397D32F5-8103-4FD9-B6AE-0AC100302675}.Debug|x86.ActiveCfg = Debug|Any CPU
		{397D32F5-8103-4FD9-B6AE-0AC100302675}.Debug|x86.Build.0 = Debug|Any CPU
		{397D32F5-8103-4FD9-B6AE-0AC100302675}.Release|Any CPU.ActiveCfg = Release|Any CPU
		{397D32F5-8103-4FD9-B6AE-0AC100302675}.Release|Any CPU.Build.0 = Release|Any CPU
		{397D32F5-8103-4FD9-B6AE-0AC100302675}.Release|x86.ActiveCfg = Release|Any CPU
		{397D32F5-8103-4FD9-B6AE-0AC100302675}.Release|x86.Build.0 = Release|Any CPU
		{E76F9589-408B-4963-92F2-CFB0A8985051}.Debug|Any CPU.ActiveCfg = Debug|Any CPU
		{E76F9589-408B-4963-92F2-CFB0A8985051}.Debug|Any CPU.Build.0 = Debug|Any CPU
		{E76F9589-408B-4963-92F2-CFB0A8985051}.Debug|x86.ActiveCfg = Debug|Any CPU
		{E76F9589-408B-4963-92F2-CFB0A8985051}.Debug|x86.Build.0 = Debug|Any CPU
		{E76F9589-408B-4963-92F2-CFB0A8985051}.Release|Any CPU.ActiveCfg = Release|Any CPU
		{E76F9589-408B-4963-92F2-CFB0A8985051}.Release|Any CPU.Build.0 = Release|Any CPU
		{E76F9589-408B-4963-92F2-CFB0A8985051}.Release|x86.ActiveCfg = Release|Any CPU
		{E76F9589-408B-4963-92F2-CFB0A8985051}.Release|x86.Build.0 = Release|Any CPU
		{1CADC5E8-A5A0-4EB2-BD6B-5C5F67CA0456}.Debug|Any CPU.ActiveCfg = Debug|Any CPU
		{1CADC5E8-A5A0-4EB2-BD6B-5C5F67CA0456}.Debug|Any CPU.Build.0 = Debug|Any CPU
		{1CADC5E8-A5A0-4EB2-BD6B-5C5F67CA0456}.Debug|x86.ActiveCfg = Debug|Any CPU
		{1CADC5E8-A5A0-4EB2-BD6B-5C5F67CA0456}.Debug|x86.Build.0 = Debug|Any CPU
		{1CADC5E8-A5A0-4EB2-BD6B-5C5F67CA0456}.Release|Any CPU.ActiveCfg = Release|Any CPU
		{1CADC5E8-A5A0-4EB2-BD6B-5C5F67CA0456}.Release|Any CPU.Build.0 = Release|Any CPU
		{1CADC5E8-A5A0-4EB2-BD6B-5C5F67CA0456}.Release|x86.ActiveCfg = Release|Any CPU
		{1CADC5E8-A5A0-4EB2-BD6B-5C5F67CA0456}.Release|x86.Build.0 = Release|Any CPU
		{4E2C2D56-DACD-48F1-846B-82B2A92855ED}.Debug|Any CPU.ActiveCfg = Debug|Any CPU
		{4E2C2D56-DACD-48F1-846B-82B2A92855ED}.Debug|Any CPU.Build.0 = Debug|Any CPU
		{4E2C2D56-DACD-48F1-846B-82B2A92855ED}.Debug|x86.ActiveCfg = Debug|Any CPU
		{4E2C2D56-DACD-48F1-846B-82B2A92855ED}.Debug|x86.Build.0 = Debug|Any CPU
		{4E2C2D56-DACD-48F1-846B-82B2A92855ED}.Release|Any CPU.ActiveCfg = Release|Any CPU
		{4E2C2D56-DACD-48F1-846B-82B2A92855ED}.Release|Any CPU.Build.0 = Release|Any CPU
		{4E2C2D56-DACD-48F1-846B-82B2A92855ED}.Release|x86.ActiveCfg = Release|Any CPU
		{4E2C2D56-DACD-48F1-846B-82B2A92855ED}.Release|x86.Build.0 = Release|Any CPU
		{B6C2C089-6B55-44AF-B4C1-632668AF76A4}.Debug|Any CPU.ActiveCfg = Debug|Any CPU
		{B6C2C089-6B55-44AF-B4C1-632668AF76A4}.Debug|Any CPU.Build.0 = Debug|Any CPU
		{B6C2C089-6B55-44AF-B4C1-632668AF76A4}.Debug|x86.ActiveCfg = Debug|Any CPU
		{B6C2C089-6B55-44AF-B4C1-632668AF76A4}.Debug|x86.Build.0 = Debug|Any CPU
		{B6C2C089-6B55-44AF-B4C1-632668AF76A4}.Release|Any CPU.ActiveCfg = Release|Any CPU
		{B6C2C089-6B55-44AF-B4C1-632668AF76A4}.Release|Any CPU.Build.0 = Release|Any CPU
		{B6C2C089-6B55-44AF-B4C1-632668AF76A4}.Release|x86.ActiveCfg = Release|Any CPU
		{B6C2C089-6B55-44AF-B4C1-632668AF76A4}.Release|x86.Build.0 = Release|Any CPU
		{0BCC26FF-032E-4295-9929-8637BFFB65F1}.Debug|Any CPU.ActiveCfg = Debug|Any CPU
		{0BCC26FF-032E-4295-9929-8637BFFB65F1}.Debug|Any CPU.Build.0 = Debug|Any CPU
		{0BCC26FF-032E-4295-9929-8637BFFB65F1}.Debug|x86.ActiveCfg = Debug|Any CPU
		{0BCC26FF-032E-4295-9929-8637BFFB65F1}.Debug|x86.Build.0 = Debug|Any CPU
		{0BCC26FF-032E-4295-9929-8637BFFB65F1}.Release|Any CPU.ActiveCfg = Release|Any CPU
		{0BCC26FF-032E-4295-9929-8637BFFB65F1}.Release|Any CPU.Build.0 = Release|Any CPU
		{0BCC26FF-032E-4295-9929-8637BFFB65F1}.Release|x86.ActiveCfg = Release|Any CPU
		{0BCC26FF-032E-4295-9929-8637BFFB65F1}.Release|x86.Build.0 = Release|Any CPU
		{FFA388F6-518F-411F-B50D-3389BBAEE380}.Debug|Any CPU.ActiveCfg = Debug|Any CPU
		{FFA388F6-518F-411F-B50D-3389BBAEE380}.Debug|Any CPU.Build.0 = Debug|Any CPU
		{FFA388F6-518F-411F-B50D-3389BBAEE380}.Debug|x86.ActiveCfg = Debug|Any CPU
		{FFA388F6-518F-411F-B50D-3389BBAEE380}.Debug|x86.Build.0 = Debug|Any CPU
		{FFA388F6-518F-411F-B50D-3389BBAEE380}.Release|Any CPU.ActiveCfg = Release|Any CPU
		{FFA388F6-518F-411F-B50D-3389BBAEE380}.Release|Any CPU.Build.0 = Release|Any CPU
		{FFA388F6-518F-411F-B50D-3389BBAEE380}.Release|x86.ActiveCfg = Release|Any CPU
		{FFA388F6-518F-411F-B50D-3389BBAEE380}.Release|x86.Build.0 = Release|Any CPU
		{DA0BB6AE-743C-41BC-8CCA-48C127CD2C0B}.Debug|Any CPU.ActiveCfg = Debug|Any CPU
		{DA0BB6AE-743C-41BC-8CCA-48C127CD2C0B}.Debug|Any CPU.Build.0 = Debug|Any CPU
		{DA0BB6AE-743C-41BC-8CCA-48C127CD2C0B}.Debug|x86.ActiveCfg = Debug|Any CPU
		{DA0BB6AE-743C-41BC-8CCA-48C127CD2C0B}.Debug|x86.Build.0 = Debug|Any CPU
		{DA0BB6AE-743C-41BC-8CCA-48C127CD2C0B}.Release|Any CPU.ActiveCfg = Release|Any CPU
		{DA0BB6AE-743C-41BC-8CCA-48C127CD2C0B}.Release|Any CPU.Build.0 = Release|Any CPU
		{DA0BB6AE-743C-41BC-8CCA-48C127CD2C0B}.Release|x86.ActiveCfg = Release|Any CPU
		{DA0BB6AE-743C-41BC-8CCA-48C127CD2C0B}.Release|x86.Build.0 = Release|Any CPU
		{7728BC8B-39DF-4ECB-89F9-7AC34C2EA416}.Debug|Any CPU.ActiveCfg = Debug|Any CPU
		{7728BC8B-39DF-4ECB-89F9-7AC34C2EA416}.Debug|Any CPU.Build.0 = Debug|Any CPU
		{7728BC8B-39DF-4ECB-89F9-7AC34C2EA416}.Debug|x86.ActiveCfg = Debug|Any CPU
		{7728BC8B-39DF-4ECB-89F9-7AC34C2EA416}.Debug|x86.Build.0 = Debug|Any CPU
		{7728BC8B-39DF-4ECB-89F9-7AC34C2EA416}.Release|Any CPU.ActiveCfg = Release|Any CPU
		{7728BC8B-39DF-4ECB-89F9-7AC34C2EA416}.Release|Any CPU.Build.0 = Release|Any CPU
		{7728BC8B-39DF-4ECB-89F9-7AC34C2EA416}.Release|x86.ActiveCfg = Release|Any CPU
		{7728BC8B-39DF-4ECB-89F9-7AC34C2EA416}.Release|x86.Build.0 = Release|Any CPU
		{A975AFED-639E-40AA-9698-9A6F0FCD7421}.Debug|Any CPU.ActiveCfg = Debug|Any CPU
		{A975AFED-639E-40AA-9698-9A6F0FCD7421}.Debug|Any CPU.Build.0 = Debug|Any CPU
		{A975AFED-639E-40AA-9698-9A6F0FCD7421}.Debug|x86.ActiveCfg = Debug|Any CPU
		{A975AFED-639E-40AA-9698-9A6F0FCD7421}.Debug|x86.Build.0 = Debug|Any CPU
		{A975AFED-639E-40AA-9698-9A6F0FCD7421}.Release|Any CPU.ActiveCfg = Release|Any CPU
		{A975AFED-639E-40AA-9698-9A6F0FCD7421}.Release|Any CPU.Build.0 = Release|Any CPU
		{A975AFED-639E-40AA-9698-9A6F0FCD7421}.Release|x86.ActiveCfg = Release|Any CPU
		{A975AFED-639E-40AA-9698-9A6F0FCD7421}.Release|x86.Build.0 = Release|Any CPU
		{81297014-27AD-4371-8AA8-E0CBE741CF6D}.Debug|Any CPU.ActiveCfg = Debug|Any CPU
		{81297014-27AD-4371-8AA8-E0CBE741CF6D}.Debug|Any CPU.Build.0 = Debug|Any CPU
		{81297014-27AD-4371-8AA8-E0CBE741CF6D}.Debug|x86.ActiveCfg = Debug|Any CPU
		{81297014-27AD-4371-8AA8-E0CBE741CF6D}.Debug|x86.Build.0 = Debug|Any CPU
		{81297014-27AD-4371-8AA8-E0CBE741CF6D}.Release|Any CPU.ActiveCfg = Release|Any CPU
		{81297014-27AD-4371-8AA8-E0CBE741CF6D}.Release|Any CPU.Build.0 = Release|Any CPU
		{81297014-27AD-4371-8AA8-E0CBE741CF6D}.Release|x86.ActiveCfg = Release|Any CPU
		{81297014-27AD-4371-8AA8-E0CBE741CF6D}.Release|x86.Build.0 = Release|Any CPU
		{27E89968-C24E-447A-97D7-E67CAD57CD13}.Debug|Any CPU.ActiveCfg = Debug|Any CPU
		{27E89968-C24E-447A-97D7-E67CAD57CD13}.Debug|Any CPU.Build.0 = Debug|Any CPU
		{27E89968-C24E-447A-97D7-E67CAD57CD13}.Debug|x86.ActiveCfg = Debug|Any CPU
		{27E89968-C24E-447A-97D7-E67CAD57CD13}.Debug|x86.Build.0 = Debug|Any CPU
		{27E89968-C24E-447A-97D7-E67CAD57CD13}.Release|Any CPU.ActiveCfg = Release|Any CPU
		{27E89968-C24E-447A-97D7-E67CAD57CD13}.Release|Any CPU.Build.0 = Release|Any CPU
		{27E89968-C24E-447A-97D7-E67CAD57CD13}.Release|x86.ActiveCfg = Release|Any CPU
		{27E89968-C24E-447A-97D7-E67CAD57CD13}.Release|x86.Build.0 = Release|Any CPU
		{4C1A002B-F0DB-4A72-B160-69134082BCAD}.Debug|Any CPU.ActiveCfg = Debug|Any CPU
		{4C1A002B-F0DB-4A72-B160-69134082BCAD}.Debug|Any CPU.Build.0 = Debug|Any CPU
		{4C1A002B-F0DB-4A72-B160-69134082BCAD}.Debug|x86.ActiveCfg = Debug|Any CPU
		{4C1A002B-F0DB-4A72-B160-69134082BCAD}.Debug|x86.Build.0 = Debug|Any CPU
		{4C1A002B-F0DB-4A72-B160-69134082BCAD}.Release|Any CPU.ActiveCfg = Release|Any CPU
		{4C1A002B-F0DB-4A72-B160-69134082BCAD}.Release|Any CPU.Build.0 = Release|Any CPU
		{4C1A002B-F0DB-4A72-B160-69134082BCAD}.Release|x86.ActiveCfg = Release|Any CPU
		{4C1A002B-F0DB-4A72-B160-69134082BCAD}.Release|x86.Build.0 = Release|Any CPU
		{62A500E0-7044-4866-B4F3-509EAD4EB9E0}.Debug|Any CPU.ActiveCfg = Debug|Any CPU
		{62A500E0-7044-4866-B4F3-509EAD4EB9E0}.Debug|Any CPU.Build.0 = Debug|Any CPU
		{62A500E0-7044-4866-B4F3-509EAD4EB9E0}.Debug|x86.ActiveCfg = Debug|Any CPU
		{62A500E0-7044-4866-B4F3-509EAD4EB9E0}.Debug|x86.Build.0 = Debug|Any CPU
		{62A500E0-7044-4866-B4F3-509EAD4EB9E0}.Release|Any CPU.ActiveCfg = Release|Any CPU
		{62A500E0-7044-4866-B4F3-509EAD4EB9E0}.Release|Any CPU.Build.0 = Release|Any CPU
		{62A500E0-7044-4866-B4F3-509EAD4EB9E0}.Release|x86.ActiveCfg = Release|Any CPU
		{62A500E0-7044-4866-B4F3-509EAD4EB9E0}.Release|x86.Build.0 = Release|Any CPU
		{A49B0283-6650-4C57-B5E4-97C3616F5AAD}.Debug|Any CPU.ActiveCfg = Debug|Any CPU
		{A49B0283-6650-4C57-B5E4-97C3616F5AAD}.Debug|Any CPU.Build.0 = Debug|Any CPU
		{A49B0283-6650-4C57-B5E4-97C3616F5AAD}.Debug|x86.ActiveCfg = Debug|Any CPU
		{A49B0283-6650-4C57-B5E4-97C3616F5AAD}.Debug|x86.Build.0 = Debug|Any CPU
		{A49B0283-6650-4C57-B5E4-97C3616F5AAD}.Release|Any CPU.ActiveCfg = Release|Any CPU
		{A49B0283-6650-4C57-B5E4-97C3616F5AAD}.Release|Any CPU.Build.0 = Release|Any CPU
		{A49B0283-6650-4C57-B5E4-97C3616F5AAD}.Release|x86.ActiveCfg = Release|Any CPU
		{A49B0283-6650-4C57-B5E4-97C3616F5AAD}.Release|x86.Build.0 = Release|Any CPU
		{F985F965-CFD2-4D51-93EA-EA634FDCC53A}.Debug|Any CPU.ActiveCfg = Debug|Any CPU
		{F985F965-CFD2-4D51-93EA-EA634FDCC53A}.Debug|Any CPU.Build.0 = Debug|Any CPU
		{F985F965-CFD2-4D51-93EA-EA634FDCC53A}.Debug|x86.ActiveCfg = Debug|Any CPU
		{F985F965-CFD2-4D51-93EA-EA634FDCC53A}.Debug|x86.Build.0 = Debug|Any CPU
		{F985F965-CFD2-4D51-93EA-EA634FDCC53A}.Release|Any CPU.ActiveCfg = Release|Any CPU
		{F985F965-CFD2-4D51-93EA-EA634FDCC53A}.Release|Any CPU.Build.0 = Release|Any CPU
		{F985F965-CFD2-4D51-93EA-EA634FDCC53A}.Release|x86.ActiveCfg = Release|Any CPU
		{F985F965-CFD2-4D51-93EA-EA634FDCC53A}.Release|x86.Build.0 = Release|Any CPU
		{730B34E4-FFFA-4075-A8DA-A49811D1020A}.Debug|Any CPU.ActiveCfg = Debug|Any CPU
		{730B34E4-FFFA-4075-A8DA-A49811D1020A}.Debug|Any CPU.Build.0 = Debug|Any CPU
		{730B34E4-FFFA-4075-A8DA-A49811D1020A}.Debug|x86.ActiveCfg = Debug|Any CPU
		{730B34E4-FFFA-4075-A8DA-A49811D1020A}.Debug|x86.Build.0 = Debug|Any CPU
		{730B34E4-FFFA-4075-A8DA-A49811D1020A}.Release|Any CPU.ActiveCfg = Release|Any CPU
		{730B34E4-FFFA-4075-A8DA-A49811D1020A}.Release|Any CPU.Build.0 = Release|Any CPU
		{730B34E4-FFFA-4075-A8DA-A49811D1020A}.Release|x86.ActiveCfg = Release|Any CPU
		{730B34E4-FFFA-4075-A8DA-A49811D1020A}.Release|x86.Build.0 = Release|Any CPU
		{7434AD40-7A3A-4B27-90CB-93581FFBB1BA}.Debug|Any CPU.ActiveCfg = Debug|Any CPU
		{7434AD40-7A3A-4B27-90CB-93581FFBB1BA}.Debug|Any CPU.Build.0 = Debug|Any CPU
		{7434AD40-7A3A-4B27-90CB-93581FFBB1BA}.Debug|x86.ActiveCfg = Debug|Any CPU
		{7434AD40-7A3A-4B27-90CB-93581FFBB1BA}.Debug|x86.Build.0 = Debug|Any CPU
		{7434AD40-7A3A-4B27-90CB-93581FFBB1BA}.Release|Any CPU.ActiveCfg = Release|Any CPU
		{7434AD40-7A3A-4B27-90CB-93581FFBB1BA}.Release|Any CPU.Build.0 = Release|Any CPU
		{7434AD40-7A3A-4B27-90CB-93581FFBB1BA}.Release|x86.ActiveCfg = Release|Any CPU
		{7434AD40-7A3A-4B27-90CB-93581FFBB1BA}.Release|x86.Build.0 = Release|Any CPU
		{9693554B-699C-40D2-A7AA-BB1DC1A819DB}.Debug|Any CPU.ActiveCfg = Debug|Any CPU
		{9693554B-699C-40D2-A7AA-BB1DC1A819DB}.Debug|Any CPU.Build.0 = Debug|Any CPU
		{9693554B-699C-40D2-A7AA-BB1DC1A819DB}.Debug|x86.ActiveCfg = Debug|Any CPU
		{9693554B-699C-40D2-A7AA-BB1DC1A819DB}.Debug|x86.Build.0 = Debug|Any CPU
		{9693554B-699C-40D2-A7AA-BB1DC1A819DB}.Release|Any CPU.ActiveCfg = Release|Any CPU
		{9693554B-699C-40D2-A7AA-BB1DC1A819DB}.Release|Any CPU.Build.0 = Release|Any CPU
		{9693554B-699C-40D2-A7AA-BB1DC1A819DB}.Release|x86.ActiveCfg = Release|Any CPU
		{9693554B-699C-40D2-A7AA-BB1DC1A819DB}.Release|x86.Build.0 = Release|Any CPU
		{387EFD97-63CA-42C5-9A81-57D3AFE952D5}.Debug|Any CPU.ActiveCfg = Debug|Any CPU
		{387EFD97-63CA-42C5-9A81-57D3AFE952D5}.Debug|Any CPU.Build.0 = Debug|Any CPU
		{387EFD97-63CA-42C5-9A81-57D3AFE952D5}.Debug|x86.ActiveCfg = Debug|Any CPU
		{387EFD97-63CA-42C5-9A81-57D3AFE952D5}.Debug|x86.Build.0 = Debug|Any CPU
		{387EFD97-63CA-42C5-9A81-57D3AFE952D5}.Release|Any CPU.ActiveCfg = Release|Any CPU
		{387EFD97-63CA-42C5-9A81-57D3AFE952D5}.Release|Any CPU.Build.0 = Release|Any CPU
		{387EFD97-63CA-42C5-9A81-57D3AFE952D5}.Release|x86.ActiveCfg = Release|Any CPU
		{387EFD97-63CA-42C5-9A81-57D3AFE952D5}.Release|x86.Build.0 = Release|Any CPU
		{F3DF6FC6-DD7E-462C-A11F-C7801228B984}.Debug|Any CPU.ActiveCfg = Debug|Any CPU
		{F3DF6FC6-DD7E-462C-A11F-C7801228B984}.Debug|Any CPU.Build.0 = Debug|Any CPU
		{F3DF6FC6-DD7E-462C-A11F-C7801228B984}.Debug|x86.ActiveCfg = Debug|Any CPU
		{F3DF6FC6-DD7E-462C-A11F-C7801228B984}.Debug|x86.Build.0 = Debug|Any CPU
		{F3DF6FC6-DD7E-462C-A11F-C7801228B984}.Release|Any CPU.ActiveCfg = Release|Any CPU
		{F3DF6FC6-DD7E-462C-A11F-C7801228B984}.Release|Any CPU.Build.0 = Release|Any CPU
		{F3DF6FC6-DD7E-462C-A11F-C7801228B984}.Release|x86.ActiveCfg = Release|Any CPU
		{F3DF6FC6-DD7E-462C-A11F-C7801228B984}.Release|x86.Build.0 = Release|Any CPU
		{3E874903-A4C0-4733-888D-223E5AC5DF8E}.Debug|Any CPU.ActiveCfg = Debug|Any CPU
		{3E874903-A4C0-4733-888D-223E5AC5DF8E}.Debug|Any CPU.Build.0 = Debug|Any CPU
		{3E874903-A4C0-4733-888D-223E5AC5DF8E}.Debug|x86.ActiveCfg = Debug|Any CPU
		{3E874903-A4C0-4733-888D-223E5AC5DF8E}.Debug|x86.Build.0 = Debug|Any CPU
		{3E874903-A4C0-4733-888D-223E5AC5DF8E}.Release|Any CPU.ActiveCfg = Release|Any CPU
		{3E874903-A4C0-4733-888D-223E5AC5DF8E}.Release|Any CPU.Build.0 = Release|Any CPU
		{3E874903-A4C0-4733-888D-223E5AC5DF8E}.Release|x86.ActiveCfg = Release|Any CPU
		{3E874903-A4C0-4733-888D-223E5AC5DF8E}.Release|x86.Build.0 = Release|Any CPU
		{86FC7217-A202-4750-9F05-BAC76CC77C22}.Debug|Any CPU.ActiveCfg = Debug|Any CPU
		{86FC7217-A202-4750-9F05-BAC76CC77C22}.Debug|Any CPU.Build.0 = Debug|Any CPU
		{86FC7217-A202-4750-9F05-BAC76CC77C22}.Debug|x86.ActiveCfg = Debug|Any CPU
		{86FC7217-A202-4750-9F05-BAC76CC77C22}.Debug|x86.Build.0 = Debug|Any CPU
		{86FC7217-A202-4750-9F05-BAC76CC77C22}.Release|Any CPU.ActiveCfg = Release|Any CPU
		{86FC7217-A202-4750-9F05-BAC76CC77C22}.Release|Any CPU.Build.0 = Release|Any CPU
		{86FC7217-A202-4750-9F05-BAC76CC77C22}.Release|x86.ActiveCfg = Release|Any CPU
		{86FC7217-A202-4750-9F05-BAC76CC77C22}.Release|x86.Build.0 = Release|Any CPU
		{4C714227-B695-4D4B-ACC1-A742C48887BC}.Debug|Any CPU.ActiveCfg = Debug|Any CPU
		{4C714227-B695-4D4B-ACC1-A742C48887BC}.Debug|Any CPU.Build.0 = Debug|Any CPU
		{4C714227-B695-4D4B-ACC1-A742C48887BC}.Debug|x86.ActiveCfg = Debug|Any CPU
		{4C714227-B695-4D4B-ACC1-A742C48887BC}.Debug|x86.Build.0 = Debug|Any CPU
		{4C714227-B695-4D4B-ACC1-A742C48887BC}.Release|Any CPU.ActiveCfg = Release|Any CPU
		{4C714227-B695-4D4B-ACC1-A742C48887BC}.Release|Any CPU.Build.0 = Release|Any CPU
		{4C714227-B695-4D4B-ACC1-A742C48887BC}.Release|x86.ActiveCfg = Release|Any CPU
		{4C714227-B695-4D4B-ACC1-A742C48887BC}.Release|x86.Build.0 = Release|Any CPU
		{F4F320F3-F0E1-45B9-A763-EB784C0D2C27}.Debug|Any CPU.ActiveCfg = Debug|Any CPU
		{F4F320F3-F0E1-45B9-A763-EB784C0D2C27}.Debug|Any CPU.Build.0 = Debug|Any CPU
		{F4F320F3-F0E1-45B9-A763-EB784C0D2C27}.Debug|x86.ActiveCfg = Debug|Any CPU
		{F4F320F3-F0E1-45B9-A763-EB784C0D2C27}.Debug|x86.Build.0 = Debug|Any CPU
		{F4F320F3-F0E1-45B9-A763-EB784C0D2C27}.Release|Any CPU.ActiveCfg = Release|Any CPU
		{F4F320F3-F0E1-45B9-A763-EB784C0D2C27}.Release|Any CPU.Build.0 = Release|Any CPU
		{F4F320F3-F0E1-45B9-A763-EB784C0D2C27}.Release|x86.ActiveCfg = Release|Any CPU
		{F4F320F3-F0E1-45B9-A763-EB784C0D2C27}.Release|x86.Build.0 = Release|Any CPU
		{29797A04-3A89-4455-AD02-AAD3D818E1A2}.Debug|Any CPU.ActiveCfg = Debug|Any CPU
		{29797A04-3A89-4455-AD02-AAD3D818E1A2}.Debug|Any CPU.Build.0 = Debug|Any CPU
		{29797A04-3A89-4455-AD02-AAD3D818E1A2}.Debug|x86.ActiveCfg = Debug|Any CPU
		{29797A04-3A89-4455-AD02-AAD3D818E1A2}.Debug|x86.Build.0 = Debug|Any CPU
		{29797A04-3A89-4455-AD02-AAD3D818E1A2}.Release|Any CPU.ActiveCfg = Release|Any CPU
		{29797A04-3A89-4455-AD02-AAD3D818E1A2}.Release|Any CPU.Build.0 = Release|Any CPU
		{29797A04-3A89-4455-AD02-AAD3D818E1A2}.Release|x86.ActiveCfg = Release|Any CPU
		{29797A04-3A89-4455-AD02-AAD3D818E1A2}.Release|x86.Build.0 = Release|Any CPU
		{7A1A6B2F-B7F2-42A8-915C-67DA5DEC4594}.Debug|Any CPU.ActiveCfg = Debug|Any CPU
		{7A1A6B2F-B7F2-42A8-915C-67DA5DEC4594}.Debug|Any CPU.Build.0 = Debug|Any CPU
		{7A1A6B2F-B7F2-42A8-915C-67DA5DEC4594}.Debug|x86.ActiveCfg = Debug|Any CPU
		{7A1A6B2F-B7F2-42A8-915C-67DA5DEC4594}.Debug|x86.Build.0 = Debug|Any CPU
		{7A1A6B2F-B7F2-42A8-915C-67DA5DEC4594}.Release|Any CPU.ActiveCfg = Release|Any CPU
		{7A1A6B2F-B7F2-42A8-915C-67DA5DEC4594}.Release|Any CPU.Build.0 = Release|Any CPU
		{7A1A6B2F-B7F2-42A8-915C-67DA5DEC4594}.Release|x86.ActiveCfg = Release|Any CPU
		{7A1A6B2F-B7F2-42A8-915C-67DA5DEC4594}.Release|x86.Build.0 = Release|Any CPU
		{A5BB9051-4319-453D-B873-D75FB2043A4C}.Debug|Any CPU.ActiveCfg = Debug|Any CPU
		{A5BB9051-4319-453D-B873-D75FB2043A4C}.Debug|Any CPU.Build.0 = Debug|Any CPU
		{A5BB9051-4319-453D-B873-D75FB2043A4C}.Debug|x86.ActiveCfg = Debug|Any CPU
		{A5BB9051-4319-453D-B873-D75FB2043A4C}.Debug|x86.Build.0 = Debug|Any CPU
		{A5BB9051-4319-453D-B873-D75FB2043A4C}.Release|Any CPU.ActiveCfg = Release|Any CPU
		{A5BB9051-4319-453D-B873-D75FB2043A4C}.Release|Any CPU.Build.0 = Release|Any CPU
		{A5BB9051-4319-453D-B873-D75FB2043A4C}.Release|x86.ActiveCfg = Release|Any CPU
		{A5BB9051-4319-453D-B873-D75FB2043A4C}.Release|x86.Build.0 = Release|Any CPU
		{1328FD1A-02C9-4D8C-AE16-BFBD11BE4846}.Debug|Any CPU.ActiveCfg = Debug|Any CPU
		{1328FD1A-02C9-4D8C-AE16-BFBD11BE4846}.Debug|Any CPU.Build.0 = Debug|Any CPU
		{1328FD1A-02C9-4D8C-AE16-BFBD11BE4846}.Debug|x86.ActiveCfg = Debug|Any CPU
		{1328FD1A-02C9-4D8C-AE16-BFBD11BE4846}.Debug|x86.Build.0 = Debug|Any CPU
		{1328FD1A-02C9-4D8C-AE16-BFBD11BE4846}.Release|Any CPU.ActiveCfg = Release|Any CPU
		{1328FD1A-02C9-4D8C-AE16-BFBD11BE4846}.Release|Any CPU.Build.0 = Release|Any CPU
		{1328FD1A-02C9-4D8C-AE16-BFBD11BE4846}.Release|x86.ActiveCfg = Release|Any CPU
		{1328FD1A-02C9-4D8C-AE16-BFBD11BE4846}.Release|x86.Build.0 = Release|Any CPU
		{CBA52F1F-5B9E-4340-97D3-D1D6EE1269DD}.Debug|Any CPU.ActiveCfg = Debug|Any CPU
		{CBA52F1F-5B9E-4340-97D3-D1D6EE1269DD}.Debug|Any CPU.Build.0 = Debug|Any CPU
		{CBA52F1F-5B9E-4340-97D3-D1D6EE1269DD}.Debug|x86.ActiveCfg = Debug|Any CPU
		{CBA52F1F-5B9E-4340-97D3-D1D6EE1269DD}.Debug|x86.Build.0 = Debug|Any CPU
		{CBA52F1F-5B9E-4340-97D3-D1D6EE1269DD}.Release|Any CPU.ActiveCfg = Release|Any CPU
		{CBA52F1F-5B9E-4340-97D3-D1D6EE1269DD}.Release|Any CPU.Build.0 = Release|Any CPU
		{CBA52F1F-5B9E-4340-97D3-D1D6EE1269DD}.Release|x86.ActiveCfg = Release|Any CPU
		{CBA52F1F-5B9E-4340-97D3-D1D6EE1269DD}.Release|x86.Build.0 = Release|Any CPU
		{1A40508A-F77B-46D4-B91E-240B0413FF29}.Debug|Any CPU.ActiveCfg = Debug|Any CPU
		{1A40508A-F77B-46D4-B91E-240B0413FF29}.Debug|Any CPU.Build.0 = Debug|Any CPU
		{1A40508A-F77B-46D4-B91E-240B0413FF29}.Debug|x86.ActiveCfg = Debug|Any CPU
		{1A40508A-F77B-46D4-B91E-240B0413FF29}.Debug|x86.Build.0 = Debug|Any CPU
		{1A40508A-F77B-46D4-B91E-240B0413FF29}.Release|Any CPU.ActiveCfg = Release|Any CPU
		{1A40508A-F77B-46D4-B91E-240B0413FF29}.Release|Any CPU.Build.0 = Release|Any CPU
		{1A40508A-F77B-46D4-B91E-240B0413FF29}.Release|x86.ActiveCfg = Release|Any CPU
		{1A40508A-F77B-46D4-B91E-240B0413FF29}.Release|x86.Build.0 = Release|Any CPU
		{D5621E7F-3B23-451B-BD62-B8E9428EC18F}.Debug|Any CPU.ActiveCfg = Debug|Any CPU
		{D5621E7F-3B23-451B-BD62-B8E9428EC18F}.Debug|Any CPU.Build.0 = Debug|Any CPU
		{D5621E7F-3B23-451B-BD62-B8E9428EC18F}.Debug|x86.ActiveCfg = Debug|Any CPU
		{D5621E7F-3B23-451B-BD62-B8E9428EC18F}.Debug|x86.Build.0 = Debug|Any CPU
		{D5621E7F-3B23-451B-BD62-B8E9428EC18F}.Release|Any CPU.ActiveCfg = Release|Any CPU
		{D5621E7F-3B23-451B-BD62-B8E9428EC18F}.Release|Any CPU.Build.0 = Release|Any CPU
		{D5621E7F-3B23-451B-BD62-B8E9428EC18F}.Release|x86.ActiveCfg = Release|Any CPU
		{D5621E7F-3B23-451B-BD62-B8E9428EC18F}.Release|x86.Build.0 = Release|Any CPU
		{8F2D4526-904D-42BF-893E-17D7E87291D4}.Debug|Any CPU.ActiveCfg = Debug|Any CPU
		{8F2D4526-904D-42BF-893E-17D7E87291D4}.Debug|Any CPU.Build.0 = Debug|Any CPU
		{8F2D4526-904D-42BF-893E-17D7E87291D4}.Debug|x86.ActiveCfg = Debug|Any CPU
		{8F2D4526-904D-42BF-893E-17D7E87291D4}.Debug|x86.Build.0 = Debug|Any CPU
		{8F2D4526-904D-42BF-893E-17D7E87291D4}.Release|Any CPU.ActiveCfg = Release|Any CPU
		{8F2D4526-904D-42BF-893E-17D7E87291D4}.Release|Any CPU.Build.0 = Release|Any CPU
		{8F2D4526-904D-42BF-893E-17D7E87291D4}.Release|x86.ActiveCfg = Release|Any CPU
		{8F2D4526-904D-42BF-893E-17D7E87291D4}.Release|x86.Build.0 = Release|Any CPU
		{2B001D7A-B4AC-441D-BB58-DD2004EF568E}.Debug|Any CPU.ActiveCfg = Debug|Any CPU
		{2B001D7A-B4AC-441D-BB58-DD2004EF568E}.Debug|Any CPU.Build.0 = Debug|Any CPU
		{2B001D7A-B4AC-441D-BB58-DD2004EF568E}.Debug|x86.ActiveCfg = Debug|Any CPU
		{2B001D7A-B4AC-441D-BB58-DD2004EF568E}.Debug|x86.Build.0 = Debug|Any CPU
		{2B001D7A-B4AC-441D-BB58-DD2004EF568E}.Release|Any CPU.ActiveCfg = Release|Any CPU
		{2B001D7A-B4AC-441D-BB58-DD2004EF568E}.Release|Any CPU.Build.0 = Release|Any CPU
		{2B001D7A-B4AC-441D-BB58-DD2004EF568E}.Release|x86.ActiveCfg = Release|Any CPU
		{2B001D7A-B4AC-441D-BB58-DD2004EF568E}.Release|x86.Build.0 = Release|Any CPU
		{B0EC0874-ADEE-424E-BE35-6B2846CA466C}.Debug|Any CPU.ActiveCfg = Debug|Any CPU
		{B0EC0874-ADEE-424E-BE35-6B2846CA466C}.Debug|Any CPU.Build.0 = Debug|Any CPU
		{B0EC0874-ADEE-424E-BE35-6B2846CA466C}.Debug|x86.ActiveCfg = Debug|Any CPU
		{B0EC0874-ADEE-424E-BE35-6B2846CA466C}.Debug|x86.Build.0 = Debug|Any CPU
		{B0EC0874-ADEE-424E-BE35-6B2846CA466C}.Release|Any CPU.ActiveCfg = Release|Any CPU
		{B0EC0874-ADEE-424E-BE35-6B2846CA466C}.Release|Any CPU.Build.0 = Release|Any CPU
		{B0EC0874-ADEE-424E-BE35-6B2846CA466C}.Release|x86.ActiveCfg = Release|Any CPU
		{B0EC0874-ADEE-424E-BE35-6B2846CA466C}.Release|x86.Build.0 = Release|Any CPU
		{0407C1C9-B469-48C7-9BAE-D883CAD9CCD0}.Debug|Any CPU.ActiveCfg = Debug|Any CPU
		{0407C1C9-B469-48C7-9BAE-D883CAD9CCD0}.Debug|Any CPU.Build.0 = Debug|Any CPU
		{0407C1C9-B469-48C7-9BAE-D883CAD9CCD0}.Debug|x86.ActiveCfg = Debug|Any CPU
		{0407C1C9-B469-48C7-9BAE-D883CAD9CCD0}.Debug|x86.Build.0 = Debug|Any CPU
		{0407C1C9-B469-48C7-9BAE-D883CAD9CCD0}.Release|Any CPU.ActiveCfg = Release|Any CPU
		{0407C1C9-B469-48C7-9BAE-D883CAD9CCD0}.Release|Any CPU.Build.0 = Release|Any CPU
		{0407C1C9-B469-48C7-9BAE-D883CAD9CCD0}.Release|x86.ActiveCfg = Release|Any CPU
		{0407C1C9-B469-48C7-9BAE-D883CAD9CCD0}.Release|x86.Build.0 = Release|Any CPU
		{B94DC113-2F4F-4FF9-8833-3803B7253EB0}.Debug|Any CPU.ActiveCfg = Debug|Any CPU
		{B94DC113-2F4F-4FF9-8833-3803B7253EB0}.Debug|Any CPU.Build.0 = Debug|Any CPU
		{B94DC113-2F4F-4FF9-8833-3803B7253EB0}.Debug|x86.ActiveCfg = Debug|Any CPU
		{B94DC113-2F4F-4FF9-8833-3803B7253EB0}.Debug|x86.Build.0 = Debug|Any CPU
		{B94DC113-2F4F-4FF9-8833-3803B7253EB0}.Release|Any CPU.ActiveCfg = Release|Any CPU
		{B94DC113-2F4F-4FF9-8833-3803B7253EB0}.Release|Any CPU.Build.0 = Release|Any CPU
		{B94DC113-2F4F-4FF9-8833-3803B7253EB0}.Release|x86.ActiveCfg = Release|Any CPU
		{B94DC113-2F4F-4FF9-8833-3803B7253EB0}.Release|x86.Build.0 = Release|Any CPU
		{8A94EE59-5030-47C6-AFB5-EDC3048C0B63}.Debug|Any CPU.ActiveCfg = Debug|Any CPU
		{8A94EE59-5030-47C6-AFB5-EDC3048C0B63}.Debug|Any CPU.Build.0 = Debug|Any CPU
		{8A94EE59-5030-47C6-AFB5-EDC3048C0B63}.Debug|x86.ActiveCfg = Debug|Any CPU
		{8A94EE59-5030-47C6-AFB5-EDC3048C0B63}.Debug|x86.Build.0 = Debug|Any CPU
		{8A94EE59-5030-47C6-AFB5-EDC3048C0B63}.Release|Any CPU.ActiveCfg = Release|Any CPU
		{8A94EE59-5030-47C6-AFB5-EDC3048C0B63}.Release|Any CPU.Build.0 = Release|Any CPU
		{8A94EE59-5030-47C6-AFB5-EDC3048C0B63}.Release|x86.ActiveCfg = Release|Any CPU
		{8A94EE59-5030-47C6-AFB5-EDC3048C0B63}.Release|x86.Build.0 = Release|Any CPU
		{8FD60D3C-DC4E-4606-8139-B1561B854F80}.Debug|Any CPU.ActiveCfg = Debug|Any CPU
		{8FD60D3C-DC4E-4606-8139-B1561B854F80}.Debug|Any CPU.Build.0 = Debug|Any CPU
		{8FD60D3C-DC4E-4606-8139-B1561B854F80}.Debug|x86.ActiveCfg = Debug|Any CPU
		{8FD60D3C-DC4E-4606-8139-B1561B854F80}.Debug|x86.Build.0 = Debug|Any CPU
		{8FD60D3C-DC4E-4606-8139-B1561B854F80}.Release|Any CPU.ActiveCfg = Release|Any CPU
		{8FD60D3C-DC4E-4606-8139-B1561B854F80}.Release|Any CPU.Build.0 = Release|Any CPU
		{8FD60D3C-DC4E-4606-8139-B1561B854F80}.Release|x86.ActiveCfg = Release|Any CPU
		{8FD60D3C-DC4E-4606-8139-B1561B854F80}.Release|x86.Build.0 = Release|Any CPU
	EndGlobalSection
	GlobalSection(SolutionProperties) = preSolution
		HideSolutionNode = FALSE
	EndGlobalSection
	GlobalSection(NestedProjects) = preSolution
		{56A30012-16A2-40E5-8F61-BCC7781AF675} = {6CB54DEF-B455-49A6-A224-A4CBD953406C}
		{7F3625FA-DC5E-4B66-9DA9-279FAD777059} = {6CB54DEF-B455-49A6-A224-A4CBD953406C}
		{9660A40D-8F0D-481A-94FC-718065F078FE} = {6CB54DEF-B455-49A6-A224-A4CBD953406C}
		{397D32F5-8103-4FD9-B6AE-0AC100302675} = {6CB54DEF-B455-49A6-A224-A4CBD953406C}
		{E76F9589-408B-4963-92F2-CFB0A8985051} = {6CB54DEF-B455-49A6-A224-A4CBD953406C}
		{1CADC5E8-A5A0-4EB2-BD6B-5C5F67CA0456} = {6CB54DEF-B455-49A6-A224-A4CBD953406C}
		{4E2C2D56-DACD-48F1-846B-82B2A92855ED} = {6CB54DEF-B455-49A6-A224-A4CBD953406C}
		{B6C2C089-6B55-44AF-B4C1-632668AF76A4} = {6CB54DEF-B455-49A6-A224-A4CBD953406C}
		{0BCC26FF-032E-4295-9929-8637BFFB65F1} = {6CB54DEF-B455-49A6-A224-A4CBD953406C}
		{FFA388F6-518F-411F-B50D-3389BBAEE380} = {A2FE84C4-0194-4926-BDF9-A7E1917162A9}
		{DA0BB6AE-743C-41BC-8CCA-48C127CD2C0B} = {A2FE84C4-0194-4926-BDF9-A7E1917162A9}
		{7728BC8B-39DF-4ECB-89F9-7AC34C2EA416} = {25C46FA5-3ABF-42C0-AD54-4CEDF17588F9}
		{A975AFED-639E-40AA-9698-9A6F0FCD7421} = {25C46FA5-3ABF-42C0-AD54-4CEDF17588F9}
		{81297014-27AD-4371-8AA8-E0CBE741CF6D} = {25C46FA5-3ABF-42C0-AD54-4CEDF17588F9}
		{27E89968-C24E-447A-97D7-E67CAD57CD13} = {25C46FA5-3ABF-42C0-AD54-4CEDF17588F9}
		{4C1A002B-F0DB-4A72-B160-69134082BCAD} = {25C46FA5-3ABF-42C0-AD54-4CEDF17588F9}
		{62A500E0-7044-4866-B4F3-509EAD4EB9E0} = {25C46FA5-3ABF-42C0-AD54-4CEDF17588F9}
		{A49B0283-6650-4C57-B5E4-97C3616F5AAD} = {25C46FA5-3ABF-42C0-AD54-4CEDF17588F9}
		{F985F965-CFD2-4D51-93EA-EA634FDCC53A} = {764B2F99-6A39-4161-B112-5258AE8A865F}
		{730B34E4-FFFA-4075-A8DA-A49811D1020A} = {764B2F99-6A39-4161-B112-5258AE8A865F}
		{7434AD40-7A3A-4B27-90CB-93581FFBB1BA} = {63292A1A-E47F-479D-84F4-E4820AE7A377}
		{9693554B-699C-40D2-A7AA-BB1DC1A819DB} = {63292A1A-E47F-479D-84F4-E4820AE7A377}
		{387EFD97-63CA-42C5-9A81-57D3AFE952D5} = {63292A1A-E47F-479D-84F4-E4820AE7A377}
		{F3DF6FC6-DD7E-462C-A11F-C7801228B984} = {63292A1A-E47F-479D-84F4-E4820AE7A377}
		{3E874903-A4C0-4733-888D-223E5AC5DF8E} = {63292A1A-E47F-479D-84F4-E4820AE7A377}
		{86FC7217-A202-4750-9F05-BAC76CC77C22} = {764B2F99-6A39-4161-B112-5258AE8A865F}
		{4C714227-B695-4D4B-ACC1-A742C48887BC} = {764B2F99-6A39-4161-B112-5258AE8A865F}
		{F4F320F3-F0E1-45B9-A763-EB784C0D2C27} = {764B2F99-6A39-4161-B112-5258AE8A865F}
		{29797A04-3A89-4455-AD02-AAD3D818E1A2} = {764B2F99-6A39-4161-B112-5258AE8A865F}
		{7A1A6B2F-B7F2-42A8-915C-67DA5DEC4594} = {080E12BE-B3FC-4CF6-913C-A8DF562541E0}
		{A5BB9051-4319-453D-B873-D75FB2043A4C} = {080E12BE-B3FC-4CF6-913C-A8DF562541E0}
		{1328FD1A-02C9-4D8C-AE16-BFBD11BE4846} = {8621ABD6-FC69-4000-BBEA-F6431D94A19E}
		{CBA52F1F-5B9E-4340-97D3-D1D6EE1269DD} = {8621ABD6-FC69-4000-BBEA-F6431D94A19E}
		{1A40508A-F77B-46D4-B91E-240B0413FF29} = {8621ABD6-FC69-4000-BBEA-F6431D94A19E}
		{D5621E7F-3B23-451B-BD62-B8E9428EC18F} = {8621ABD6-FC69-4000-BBEA-F6431D94A19E}
		{8F2D4526-904D-42BF-893E-17D7E87291D4} = {8621ABD6-FC69-4000-BBEA-F6431D94A19E}
		{2B001D7A-B4AC-441D-BB58-DD2004EF568E} = {080E12BE-B3FC-4CF6-913C-A8DF562541E0}
		{B0EC0874-ADEE-424E-BE35-6B2846CA466C} = {080E12BE-B3FC-4CF6-913C-A8DF562541E0}
		{0407C1C9-B469-48C7-9BAE-D883CAD9CCD0} = {080E12BE-B3FC-4CF6-913C-A8DF562541E0}
		{B94DC113-2F4F-4FF9-8833-3803B7253EB0} = {080E12BE-B3FC-4CF6-913C-A8DF562541E0}
		{8A94EE59-5030-47C6-AFB5-EDC3048C0B63} = {080E12BE-B3FC-4CF6-913C-A8DF562541E0}
		{63292A1A-E47F-479D-84F4-E4820AE7A377} = {764B2F99-6A39-4161-B112-5258AE8A865F}
		{8621ABD6-FC69-4000-BBEA-F6431D94A19E} = {080E12BE-B3FC-4CF6-913C-A8DF562541E0}
		{8FD60D3C-DC4E-4606-8139-B1561B854F80} = {25C46FA5-3ABF-42C0-AD54-4CEDF17588F9}
	EndGlobalSection
	GlobalSection(ExtensibilityGlobals) = postSolution
		SolutionGuid = {E5329698-FAD4-4809-99B7-30DA1E16067A}
	EndGlobalSection
EndGlobal
