
Microsoft Visual Studio Solution File, Format Version 12.00
# Visual Studio Version 17
VisualStudioVersion = 17.1.32319.34
MinimumVisualStudioVersion = 10.0.40219.1
Project("{2150E333-8FDC-42A3-9474-1A3956D46DE8}") = "01_StartUp", "01_StartUp", "{503F8C5D-36D7-43D5-A401-BE99FE775150}"
EndProject
Project("{2150E333-8FDC-42A3-9474-1A3956D46DE8}") = "50_DBTool", "50_DBTool", "{B284F103-7FA4-4EEB-B4C2-8191784894B7}"
EndProject
Project("{FAE04EC0-301F-11D3-BF4B-00C04F79EFBC}") = "Breezee.Framework.Mini.StartUp", "..\002_MiniFramework\Breezee.Framework.Mini.StartUp\Breezee.Framework.Mini.StartUp.csproj", "{4F2C9DBA-67DB-4A07-93A0-2CC065DCC8F3}"
EndProject
Project("{2150E333-8FDC-42A3-9474-1A3956D46DE8}") = "02_Mini", "02_Mini", "{080E12BE-B3FC-4CF6-913C-A8DF562541E0}"
EndProject
Project("{FAE04EC0-301F-11D3-BF4B-00C04F79EFBC}") = "Breezee.Framework.Mini.BLL", "..\002_MiniFramework\Breezee.Framework.Mini.BLL\Breezee.Framework.Mini.BLL.csproj", "{9D5014F4-D9E3-4BA9-AC02-872BEA964B8B}"
EndProject
Project("{FAE04EC0-301F-11D3-BF4B-00C04F79EFBC}") = "Breezee.Framework.Mini.DAL", "..\002_MiniFramework\Breezee.Framework.Mini.DAL\Breezee.Framework.Mini.DAL.csproj", "{367E1555-D014-4123-A62E-380A8503CA69}"
EndProject
Project("{FAE04EC0-301F-11D3-BF4B-00C04F79EFBC}") = "Breezee.Framework.Mini.DAL.MySql", "..\002_MiniFramework\Breezee.Framework.Mini.DAL.MySql\Breezee.Framework.Mini.DAL.MySql.csproj", "{54E84221-D546-4900-9482-45540C83E69F}"
EndProject
Project("{FAE04EC0-301F-11D3-BF4B-00C04F79EFBC}") = "Breezee.Framework.Mini.DAL.Oracle", "..\002_MiniFramework\Breezee.Framework.Mini.DAL.Oracle\Breezee.Framework.Mini.DAL.Oracle.csproj", "{6595C9F8-EF30-4BD9-B5D4-777396AF29C5}"
EndProject
Project("{FAE04EC0-301F-11D3-BF4B-00C04F79EFBC}") = "Breezee.Framework.Mini.DAL.PostgreSql", "..\002_MiniFramework\Breezee.Framework.Mini.DAL.PostgreSql\Breezee.Framework.Mini.DAL.PostgreSql.csproj", "{AC405364-69A1-4C30-9AD9-C5BA24FFABAF}"
EndProject
Project("{FAE04EC0-301F-11D3-BF4B-00C04F79EFBC}") = "Breezee.Framework.Mini.DAL.SQLite", "..\002_MiniFramework\Breezee.Framework.Mini.DAL.SQLite\Breezee.Framework.Mini.DAL.SQLite.csproj", "{E39C5EAE-2F93-4E08-9D8E-905F47D0B0FA}"
EndProject
Project("{FAE04EC0-301F-11D3-BF4B-00C04F79EFBC}") = "Breezee.Framework.Mini.DAL.SqlServer", "..\002_MiniFramework\Breezee.Framework.Mini.DAL.SqlServer\Breezee.Framework.Mini.DAL.SqlServer.csproj", "{1652BA43-F1A8-48CA-972A-73D5D04CCC4D}"
EndProject
Project("{FAE04EC0-301F-11D3-BF4B-00C04F79EFBC}") = "Breezee.Framework.Mini.Entity", "..\002_MiniFramework\Breezee.Framework.Mini.Entity\Breezee.Framework.Mini.Entity.csproj", "{202B5187-5E48-4347-BC56-A07B34FC231B}"
EndProject
Project("{FAE04EC0-301F-11D3-BF4B-00C04F79EFBC}") = "Breezee.Framework.Mini.IBLL", "..\002_MiniFramework\Breezee.Framework.Mini.IBLL\Breezee.Framework.Mini.IBLL.csproj", "{BC621FA8-1F91-42C7-94B0-B9F71D35B117}"
EndProject
Project("{FAE04EC0-301F-11D3-BF4B-00C04F79EFBC}") = "Breezee.Framework.Mini.IDAL", "..\002_MiniFramework\Breezee.Framework.Mini.IDAL\Breezee.Framework.Mini.IDAL.csproj", "{5DF8D364-DDBC-4783-AD3F-5B695620FB0D}"
EndProject
Project("{FAE04EC0-301F-11D3-BF4B-00C04F79EFBC}") = "Breezee.Framework.Mini.Tool", "..\002_MiniFramework\Breezee.Framework.Mini.Tool\Breezee.Framework.Mini.Tool.csproj", "{93FCF9E4-1362-4E2B-BA55-BDA8F2856FC1}"
EndProject
Project("{2150E333-8FDC-42A3-9474-1A3956D46DE8}") = "99_Setup", "99_Setup", "{6CB54DEF-B455-49A6-A224-A4CBD953406C}"
EndProject
Project("{FAE04EC0-301F-11D3-BF4B-00C04F79EFBC}") = "Breezee.WorkHelper.DBTool.BLL", "..\050_DBTool\Breezee.WorkHelper.DBTool.BLL\Breezee.WorkHelper.DBTool.BLL.csproj", "{7D942849-7ADD-4D61-B4C2-F86E8DA595D9}"
EndProject
Project("{FAE04EC0-301F-11D3-BF4B-00C04F79EFBC}") = "Breezee.WorkHelper.DBTool.DAL", "..\050_DBTool\Breezee.WorkHelper.DBTool.DAL\Breezee.WorkHelper.DBTool.DAL.csproj", "{8DA14052-DB9F-473D-8DE3-F615B6128EBF}"
EndProject
Project("{FAE04EC0-301F-11D3-BF4B-00C04F79EFBC}") = "Breezee.WorkHelper.DBTool.DAL.MySql", "..\050_DBTool\Breezee.WorkHelper.DBTool.DAL.MySql\Breezee.WorkHelper.DBTool.DAL.MySql.csproj", "{A2556EAF-C637-4C31-B150-B49CD04CF2C6}"
EndProject
Project("{FAE04EC0-301F-11D3-BF4B-00C04F79EFBC}") = "Breezee.WorkHelper.DBTool.DAL.Oracle", "..\050_DBTool\Breezee.WorkHelper.DBTool.DAL.Oracle\Breezee.WorkHelper.DBTool.DAL.Oracle.csproj", "{4BF88759-5B7F-4760-9E79-274885727510}"
EndProject
Project("{FAE04EC0-301F-11D3-BF4B-00C04F79EFBC}") = "Breezee.WorkHelper.DBTool.DAL.PostgreSql", "..\050_DBTool\Breezee.WorkHelper.DBTool.DAL.PostgreSql\Breezee.WorkHelper.DBTool.DAL.PostgreSql.csproj", "{77C4148C-9482-46B2-9FFF-22EB4AECEFD8}"
EndProject
Project("{FAE04EC0-301F-11D3-BF4B-00C04F79EFBC}") = "Breezee.WorkHelper.DBTool.DAL.SQLite", "..\050_DBTool\Breezee.WorkHelper.DBTool.DAL.SQLite\Breezee.WorkHelper.DBTool.DAL.SQLite.csproj", "{A5CEBEFC-5CCD-4458-8CF2-DAD9D0E85B43}"
EndProject
Project("{FAE04EC0-301F-11D3-BF4B-00C04F79EFBC}") = "Breezee.WorkHelper.DBTool.DAL.SqlServer", "..\050_DBTool\Breezee.WorkHelper.DBTool.DAL.SqlServer\Breezee.WorkHelper.DBTool.DAL.SqlServer.csproj", "{4418DD1A-4B8F-4E09-82EC-4070B111970B}"
EndProject
Project("{FAE04EC0-301F-11D3-BF4B-00C04F79EFBC}") = "Breezee.WorkHelper.DBTool.Doc", "..\050_DBTool\Breezee.WorkHelper.DBTool.Doc\Breezee.WorkHelper.DBTool.Doc.csproj", "{5A5FB842-EAA0-4A76-995D-521608584767}"
EndProject
Project("{FAE04EC0-301F-11D3-BF4B-00C04F79EFBC}") = "Breezee.WorkHelper.DBTool.Entity", "..\050_DBTool\Breezee.WorkHelper.DBTool.Entity\Breezee.WorkHelper.DBTool.Entity.csproj", "{85A8D661-4887-4F51-9F93-A879E25AA0E9}"
EndProject
Project("{FAE04EC0-301F-11D3-BF4B-00C04F79EFBC}") = "Breezee.WorkHelper.DBTool.IBLL", "..\050_DBTool\Breezee.WorkHelper.DBTool.IBLL\Breezee.WorkHelper.DBTool.IBLL.csproj", "{10CF8AD6-81EE-4F4B-BA29-3C6153027B28}"
EndProject
Project("{FAE04EC0-301F-11D3-BF4B-00C04F79EFBC}") = "Breezee.WorkHelper.DBTool.IDAL", "..\050_DBTool\Breezee.WorkHelper.DBTool.IDAL\Breezee.WorkHelper.DBTool.IDAL.csproj", "{AD1CFE4B-050E-4EE3-A6D8-9441BEB96413}"
EndProject
Project("{FAE04EC0-301F-11D3-BF4B-00C04F79EFBC}") = "Breezee.WorkHelper.DBTool.UI", "..\050_DBTool\Breezee.WorkHelper.DBTool.UI\Breezee.WorkHelper.DBTool.UI.csproj", "{9CDAD45F-EA5D-4D52-8441-234D3CEE2F70}"
EndProject
Project("{2150E333-8FDC-42A3-9474-1A3956D46DE8}") = "90_Doc", "90_Doc", "{764B2F99-6A39-4161-B112-5258AE8A865F}"
EndProject
Global
	GlobalSection(SolutionConfigurationPlatforms) = preSolution
		Debug|Any CPU = Debug|Any CPU
		Debug|ARM = Debug|ARM
		Debug|ARM64 = Debug|ARM64
		Debug|x64 = Debug|x64
		Debug|x86 = Debug|x86
		Release|Any CPU = Release|Any CPU
		Release|ARM = Release|ARM
		Release|ARM64 = Release|ARM64
		Release|x64 = Release|x64
		Release|x86 = Release|x86
	EndGlobalSection
	GlobalSection(ProjectConfigurationPlatforms) = postSolution
		{4F2C9DBA-67DB-4A07-93A0-2CC065DCC8F3}.Debug|Any CPU.ActiveCfg = Debug|x86
		{4F2C9DBA-67DB-4A07-93A0-2CC065DCC8F3}.Debug|ARM.ActiveCfg = Debug|x86
		{4F2C9DBA-67DB-4A07-93A0-2CC065DCC8F3}.Debug|ARM.Build.0 = Debug|x86
		{4F2C9DBA-67DB-4A07-93A0-2CC065DCC8F3}.Debug|ARM64.ActiveCfg = Debug|x86
		{4F2C9DBA-67DB-4A07-93A0-2CC065DCC8F3}.Debug|ARM64.Build.0 = Debug|x86
		{4F2C9DBA-67DB-4A07-93A0-2CC065DCC8F3}.Debug|x64.ActiveCfg = Debug|x86
		{4F2C9DBA-67DB-4A07-93A0-2CC065DCC8F3}.Debug|x64.Build.0 = Debug|x86
		{4F2C9DBA-67DB-4A07-93A0-2CC065DCC8F3}.Debug|x86.ActiveCfg = Debug|x86
		{4F2C9DBA-67DB-4A07-93A0-2CC065DCC8F3}.Debug|x86.Build.0 = Debug|x86
		{4F2C9DBA-67DB-4A07-93A0-2CC065DCC8F3}.Release|Any CPU.ActiveCfg = Release|x86
		{4F2C9DBA-67DB-4A07-93A0-2CC065DCC8F3}.Release|ARM.ActiveCfg = Release|x86
		{4F2C9DBA-67DB-4A07-93A0-2CC065DCC8F3}.Release|ARM.Build.0 = Release|x86
		{4F2C9DBA-67DB-4A07-93A0-2CC065DCC8F3}.Release|ARM64.ActiveCfg = Release|x86
		{4F2C9DBA-67DB-4A07-93A0-2CC065DCC8F3}.Release|ARM64.Build.0 = Release|x86
		{4F2C9DBA-67DB-4A07-93A0-2CC065DCC8F3}.Release|x64.ActiveCfg = Release|x86
		{4F2C9DBA-67DB-4A07-93A0-2CC065DCC8F3}.Release|x64.Build.0 = Release|x86
		{4F2C9DBA-67DB-4A07-93A0-2CC065DCC8F3}.Release|x86.ActiveCfg = Release|x86
		{4F2C9DBA-67DB-4A07-93A0-2CC065DCC8F3}.Release|x86.Build.0 = Release|x86
		{9D5014F4-D9E3-4BA9-AC02-872BEA964B8B}.Debug|Any CPU.ActiveCfg = Debug|Any CPU
		{9D5014F4-D9E3-4BA9-AC02-872BEA964B8B}.Debug|Any CPU.Build.0 = Debug|Any CPU
		{9D5014F4-D9E3-4BA9-AC02-872BEA964B8B}.Debug|ARM.ActiveCfg = Debug|Any CPU
		{9D5014F4-D9E3-4BA9-AC02-872BEA964B8B}.Debug|ARM.Build.0 = Debug|Any CPU
		{9D5014F4-D9E3-4BA9-AC02-872BEA964B8B}.Debug|ARM64.ActiveCfg = Debug|Any CPU
		{9D5014F4-D9E3-4BA9-AC02-872BEA964B8B}.Debug|ARM64.Build.0 = Debug|Any CPU
		{9D5014F4-D9E3-4BA9-AC02-872BEA964B8B}.Debug|x64.ActiveCfg = Debug|Any CPU
		{9D5014F4-D9E3-4BA9-AC02-872BEA964B8B}.Debug|x64.Build.0 = Debug|Any CPU
		{9D5014F4-D9E3-4BA9-AC02-872BEA964B8B}.Debug|x86.ActiveCfg = Debug|Any CPU
		{9D5014F4-D9E3-4BA9-AC02-872BEA964B8B}.Debug|x86.Build.0 = Debug|Any CPU
		{9D5014F4-D9E3-4BA9-AC02-872BEA964B8B}.Release|Any CPU.ActiveCfg = Release|Any CPU
		{9D5014F4-D9E3-4BA9-AC02-872BEA964B8B}.Release|Any CPU.Build.0 = Release|Any CPU
		{9D5014F4-D9E3-4BA9-AC02-872BEA964B8B}.Release|ARM.ActiveCfg = Release|Any CPU
		{9D5014F4-D9E3-4BA9-AC02-872BEA964B8B}.Release|ARM.Build.0 = Release|Any CPU
		{9D5014F4-D9E3-4BA9-AC02-872BEA964B8B}.Release|ARM64.ActiveCfg = Release|Any CPU
		{9D5014F4-D9E3-4BA9-AC02-872BEA964B8B}.Release|ARM64.Build.0 = Release|Any CPU
		{9D5014F4-D9E3-4BA9-AC02-872BEA964B8B}.Release|x64.ActiveCfg = Release|Any CPU
		{9D5014F4-D9E3-4BA9-AC02-872BEA964B8B}.Release|x64.Build.0 = Release|Any CPU
		{9D5014F4-D9E3-4BA9-AC02-872BEA964B8B}.Release|x86.ActiveCfg = Release|Any CPU
		{9D5014F4-D9E3-4BA9-AC02-872BEA964B8B}.Release|x86.Build.0 = Release|Any CPU
		{367E1555-D014-4123-A62E-380A8503CA69}.Debug|Any CPU.ActiveCfg = Debug|Any CPU
		{367E1555-D014-4123-A62E-380A8503CA69}.Debug|Any CPU.Build.0 = Debug|Any CPU
		{367E1555-D014-4123-A62E-380A8503CA69}.Debug|ARM.ActiveCfg = Debug|Any CPU
		{367E1555-D014-4123-A62E-380A8503CA69}.Debug|ARM.Build.0 = Debug|Any CPU
		{367E1555-D014-4123-A62E-380A8503CA69}.Debug|ARM64.ActiveCfg = Debug|Any CPU
		{367E1555-D014-4123-A62E-380A8503CA69}.Debug|ARM64.Build.0 = Debug|Any CPU
		{367E1555-D014-4123-A62E-380A8503CA69}.Debug|x64.ActiveCfg = Debug|Any CPU
		{367E1555-D014-4123-A62E-380A8503CA69}.Debug|x64.Build.0 = Debug|Any CPU
		{367E1555-D014-4123-A62E-380A8503CA69}.Debug|x86.ActiveCfg = Debug|Any CPU
		{367E1555-D014-4123-A62E-380A8503CA69}.Debug|x86.Build.0 = Debug|Any CPU
		{367E1555-D014-4123-A62E-380A8503CA69}.Release|Any CPU.ActiveCfg = Release|Any CPU
		{367E1555-D014-4123-A62E-380A8503CA69}.Release|Any CPU.Build.0 = Release|Any CPU
		{367E1555-D014-4123-A62E-380A8503CA69}.Release|ARM.ActiveCfg = Release|Any CPU
		{367E1555-D014-4123-A62E-380A8503CA69}.Release|ARM.Build.0 = Release|Any CPU
		{367E1555-D014-4123-A62E-380A8503CA69}.Release|ARM64.ActiveCfg = Release|Any CPU
		{367E1555-D014-4123-A62E-380A8503CA69}.Release|ARM64.Build.0 = Release|Any CPU
		{367E1555-D014-4123-A62E-380A8503CA69}.Release|x64.ActiveCfg = Release|Any CPU
		{367E1555-D014-4123-A62E-380A8503CA69}.Release|x64.Build.0 = Release|Any CPU
		{367E1555-D014-4123-A62E-380A8503CA69}.Release|x86.ActiveCfg = Release|Any CPU
		{367E1555-D014-4123-A62E-380A8503CA69}.Release|x86.Build.0 = Release|Any CPU
		{54E84221-D546-4900-9482-45540C83E69F}.Debug|Any CPU.ActiveCfg = Debug|Any CPU
		{54E84221-D546-4900-9482-45540C83E69F}.Debug|Any CPU.Build.0 = Debug|Any CPU
		{54E84221-D546-4900-9482-45540C83E69F}.Debug|ARM.ActiveCfg = Debug|Any CPU
		{54E84221-D546-4900-9482-45540C83E69F}.Debug|ARM.Build.0 = Debug|Any CPU
		{54E84221-D546-4900-9482-45540C83E69F}.Debug|ARM64.ActiveCfg = Debug|Any CPU
		{54E84221-D546-4900-9482-45540C83E69F}.Debug|ARM64.Build.0 = Debug|Any CPU
		{54E84221-D546-4900-9482-45540C83E69F}.Debug|x64.ActiveCfg = Debug|Any CPU
		{54E84221-D546-4900-9482-45540C83E69F}.Debug|x64.Build.0 = Debug|Any CPU
		{54E84221-D546-4900-9482-45540C83E69F}.Debug|x86.ActiveCfg = Debug|Any CPU
		{54E84221-D546-4900-9482-45540C83E69F}.Debug|x86.Build.0 = Debug|Any CPU
		{54E84221-D546-4900-9482-45540C83E69F}.Release|Any CPU.ActiveCfg = Release|Any CPU
		{54E84221-D546-4900-9482-45540C83E69F}.Release|Any CPU.Build.0 = Release|Any CPU
		{54E84221-D546-4900-9482-45540C83E69F}.Release|ARM.ActiveCfg = Release|Any CPU
		{54E84221-D546-4900-9482-45540C83E69F}.Release|ARM.Build.0 = Release|Any CPU
		{54E84221-D546-4900-9482-45540C83E69F}.Release|ARM64.ActiveCfg = Release|Any CPU
		{54E84221-D546-4900-9482-45540C83E69F}.Release|ARM64.Build.0 = Release|Any CPU
		{54E84221-D546-4900-9482-45540C83E69F}.Release|x64.ActiveCfg = Release|Any CPU
		{54E84221-D546-4900-9482-45540C83E69F}.Release|x64.Build.0 = Release|Any CPU
		{54E84221-D546-4900-9482-45540C83E69F}.Release|x86.ActiveCfg = Release|Any CPU
		{54E84221-D546-4900-9482-45540C83E69F}.Release|x86.Build.0 = Release|Any CPU
		{6595C9F8-EF30-4BD9-B5D4-777396AF29C5}.Debug|Any CPU.ActiveCfg = Debug|Any CPU
		{6595C9F8-EF30-4BD9-B5D4-777396AF29C5}.Debug|Any CPU.Build.0 = Debug|Any CPU
		{6595C9F8-EF30-4BD9-B5D4-777396AF29C5}.Debug|ARM.ActiveCfg = Debug|Any CPU
		{6595C9F8-EF30-4BD9-B5D4-777396AF29C5}.Debug|ARM.Build.0 = Debug|Any CPU
		{6595C9F8-EF30-4BD9-B5D4-777396AF29C5}.Debug|ARM64.ActiveCfg = Debug|Any CPU
		{6595C9F8-EF30-4BD9-B5D4-777396AF29C5}.Debug|ARM64.Build.0 = Debug|Any CPU
		{6595C9F8-EF30-4BD9-B5D4-777396AF29C5}.Debug|x64.ActiveCfg = Debug|Any CPU
		{6595C9F8-EF30-4BD9-B5D4-777396AF29C5}.Debug|x64.Build.0 = Debug|Any CPU
		{6595C9F8-EF30-4BD9-B5D4-777396AF29C5}.Debug|x86.ActiveCfg = Debug|Any CPU
		{6595C9F8-EF30-4BD9-B5D4-777396AF29C5}.Debug|x86.Build.0 = Debug|Any CPU
		{6595C9F8-EF30-4BD9-B5D4-777396AF29C5}.Release|Any CPU.ActiveCfg = Release|Any CPU
		{6595C9F8-EF30-4BD9-B5D4-777396AF29C5}.Release|Any CPU.Build.0 = Release|Any CPU
		{6595C9F8-EF30-4BD9-B5D4-777396AF29C5}.Release|ARM.ActiveCfg = Release|Any CPU
		{6595C9F8-EF30-4BD9-B5D4-777396AF29C5}.Release|ARM.Build.0 = Release|Any CPU
		{6595C9F8-EF30-4BD9-B5D4-777396AF29C5}.Release|ARM64.ActiveCfg = Release|Any CPU
		{6595C9F8-EF30-4BD9-B5D4-777396AF29C5}.Release|ARM64.Build.0 = Release|Any CPU
		{6595C9F8-EF30-4BD9-B5D4-777396AF29C5}.Release|x64.ActiveCfg = Release|Any CPU
		{6595C9F8-EF30-4BD9-B5D4-777396AF29C5}.Release|x64.Build.0 = Release|Any CPU
		{6595C9F8-EF30-4BD9-B5D4-777396AF29C5}.Release|x86.ActiveCfg = Release|Any CPU
		{6595C9F8-EF30-4BD9-B5D4-777396AF29C5}.Release|x86.Build.0 = Release|Any CPU
		{AC405364-69A1-4C30-9AD9-C5BA24FFABAF}.Debug|Any CPU.ActiveCfg = Debug|Any CPU
		{AC405364-69A1-4C30-9AD9-C5BA24FFABAF}.Debug|Any CPU.Build.0 = Debug|Any CPU
		{AC405364-69A1-4C30-9AD9-C5BA24FFABAF}.Debug|ARM.ActiveCfg = Debug|Any CPU
		{AC405364-69A1-4C30-9AD9-C5BA24FFABAF}.Debug|ARM.Build.0 = Debug|Any CPU
		{AC405364-69A1-4C30-9AD9-C5BA24FFABAF}.Debug|ARM64.ActiveCfg = Debug|Any CPU
		{AC405364-69A1-4C30-9AD9-C5BA24FFABAF}.Debug|ARM64.Build.0 = Debug|Any CPU
		{AC405364-69A1-4C30-9AD9-C5BA24FFABAF}.Debug|x64.ActiveCfg = Debug|Any CPU
		{AC405364-69A1-4C30-9AD9-C5BA24FFABAF}.Debug|x64.Build.0 = Debug|Any CPU
		{AC405364-69A1-4C30-9AD9-C5BA24FFABAF}.Debug|x86.ActiveCfg = Debug|Any CPU
		{AC405364-69A1-4C30-9AD9-C5BA24FFABAF}.Debug|x86.Build.0 = Debug|Any CPU
		{AC405364-69A1-4C30-9AD9-C5BA24FFABAF}.Release|Any CPU.ActiveCfg = Release|Any CPU
		{AC405364-69A1-4C30-9AD9-C5BA24FFABAF}.Release|Any CPU.Build.0 = Release|Any CPU
		{AC405364-69A1-4C30-9AD9-C5BA24FFABAF}.Release|ARM.ActiveCfg = Release|Any CPU
		{AC405364-69A1-4C30-9AD9-C5BA24FFABAF}.Release|ARM.Build.0 = Release|Any CPU
		{AC405364-69A1-4C30-9AD9-C5BA24FFABAF}.Release|ARM64.ActiveCfg = Release|Any CPU
		{AC405364-69A1-4C30-9AD9-C5BA24FFABAF}.Release|ARM64.Build.0 = Release|Any CPU
		{AC405364-69A1-4C30-9AD9-C5BA24FFABAF}.Release|x64.ActiveCfg = Release|Any CPU
		{AC405364-69A1-4C30-9AD9-C5BA24FFABAF}.Release|x64.Build.0 = Release|Any CPU
		{AC405364-69A1-4C30-9AD9-C5BA24FFABAF}.Release|x86.ActiveCfg = Release|Any CPU
		{AC405364-69A1-4C30-9AD9-C5BA24FFABAF}.Release|x86.Build.0 = Release|Any CPU
		{E39C5EAE-2F93-4E08-9D8E-905F47D0B0FA}.Debug|Any CPU.ActiveCfg = Debug|Any CPU
		{E39C5EAE-2F93-4E08-9D8E-905F47D0B0FA}.Debug|Any CPU.Build.0 = Debug|Any CPU
		{E39C5EAE-2F93-4E08-9D8E-905F47D0B0FA}.Debug|ARM.ActiveCfg = Debug|Any CPU
		{E39C5EAE-2F93-4E08-9D8E-905F47D0B0FA}.Debug|ARM.Build.0 = Debug|Any CPU
		{E39C5EAE-2F93-4E08-9D8E-905F47D0B0FA}.Debug|ARM64.ActiveCfg = Debug|Any CPU
		{E39C5EAE-2F93-4E08-9D8E-905F47D0B0FA}.Debug|ARM64.Build.0 = Debug|Any CPU
		{E39C5EAE-2F93-4E08-9D8E-905F47D0B0FA}.Debug|x64.ActiveCfg = Debug|Any CPU
		{E39C5EAE-2F93-4E08-9D8E-905F47D0B0FA}.Debug|x64.Build.0 = Debug|Any CPU
		{E39C5EAE-2F93-4E08-9D8E-905F47D0B0FA}.Debug|x86.ActiveCfg = Debug|Any CPU
		{E39C5EAE-2F93-4E08-9D8E-905F47D0B0FA}.Debug|x86.Build.0 = Debug|Any CPU
		{E39C5EAE-2F93-4E08-9D8E-905F47D0B0FA}.Release|Any CPU.ActiveCfg = Release|Any CPU
		{E39C5EAE-2F93-4E08-9D8E-905F47D0B0FA}.Release|Any CPU.Build.0 = Release|Any CPU
		{E39C5EAE-2F93-4E08-9D8E-905F47D0B0FA}.Release|ARM.ActiveCfg = Release|Any CPU
		{E39C5EAE-2F93-4E08-9D8E-905F47D0B0FA}.Release|ARM.Build.0 = Release|Any CPU
		{E39C5EAE-2F93-4E08-9D8E-905F47D0B0FA}.Release|ARM64.ActiveCfg = Release|Any CPU
		{E39C5EAE-2F93-4E08-9D8E-905F47D0B0FA}.Release|ARM64.Build.0 = Release|Any CPU
		{E39C5EAE-2F93-4E08-9D8E-905F47D0B0FA}.Release|x64.ActiveCfg = Release|Any CPU
		{E39C5EAE-2F93-4E08-9D8E-905F47D0B0FA}.Release|x64.Build.0 = Release|Any CPU
		{E39C5EAE-2F93-4E08-9D8E-905F47D0B0FA}.Release|x86.ActiveCfg = Release|Any CPU
		{E39C5EAE-2F93-4E08-9D8E-905F47D0B0FA}.Release|x86.Build.0 = Release|Any CPU
		{1652BA43-F1A8-48CA-972A-73D5D04CCC4D}.Debug|Any CPU.ActiveCfg = Debug|Any CPU
		{1652BA43-F1A8-48CA-972A-73D5D04CCC4D}.Debug|Any CPU.Build.0 = Debug|Any CPU
		{1652BA43-F1A8-48CA-972A-73D5D04CCC4D}.Debug|ARM.ActiveCfg = Debug|Any CPU
		{1652BA43-F1A8-48CA-972A-73D5D04CCC4D}.Debug|ARM.Build.0 = Debug|Any CPU
		{1652BA43-F1A8-48CA-972A-73D5D04CCC4D}.Debug|ARM64.ActiveCfg = Debug|Any CPU
		{1652BA43-F1A8-48CA-972A-73D5D04CCC4D}.Debug|ARM64.Build.0 = Debug|Any CPU
		{1652BA43-F1A8-48CA-972A-73D5D04CCC4D}.Debug|x64.ActiveCfg = Debug|Any CPU
		{1652BA43-F1A8-48CA-972A-73D5D04CCC4D}.Debug|x64.Build.0 = Debug|Any CPU
		{1652BA43-F1A8-48CA-972A-73D5D04CCC4D}.Debug|x86.ActiveCfg = Debug|Any CPU
		{1652BA43-F1A8-48CA-972A-73D5D04CCC4D}.Debug|x86.Build.0 = Debug|Any CPU
		{1652BA43-F1A8-48CA-972A-73D5D04CCC4D}.Release|Any CPU.ActiveCfg = Release|Any CPU
		{1652BA43-F1A8-48CA-972A-73D5D04CCC4D}.Release|Any CPU.Build.0 = Release|Any CPU
		{1652BA43-F1A8-48CA-972A-73D5D04CCC4D}.Release|ARM.ActiveCfg = Release|Any CPU
		{1652BA43-F1A8-48CA-972A-73D5D04CCC4D}.Release|ARM.Build.0 = Release|Any CPU
		{1652BA43-F1A8-48CA-972A-73D5D04CCC4D}.Release|ARM64.ActiveCfg = Release|Any CPU
		{1652BA43-F1A8-48CA-972A-73D5D04CCC4D}.Release|ARM64.Build.0 = Release|Any CPU
		{1652BA43-F1A8-48CA-972A-73D5D04CCC4D}.Release|x64.ActiveCfg = Release|Any CPU
		{1652BA43-F1A8-48CA-972A-73D5D04CCC4D}.Release|x64.Build.0 = Release|Any CPU
		{1652BA43-F1A8-48CA-972A-73D5D04CCC4D}.Release|x86.ActiveCfg = Release|Any CPU
		{1652BA43-F1A8-48CA-972A-73D5D04CCC4D}.Release|x86.Build.0 = Release|Any CPU
		{202B5187-5E48-4347-BC56-A07B34FC231B}.Debug|Any CPU.ActiveCfg = Debug|Any CPU
		{202B5187-5E48-4347-BC56-A07B34FC231B}.Debug|Any CPU.Build.0 = Debug|Any CPU
		{202B5187-5E48-4347-BC56-A07B34FC231B}.Debug|ARM.ActiveCfg = Debug|Any CPU
		{202B5187-5E48-4347-BC56-A07B34FC231B}.Debug|ARM.Build.0 = Debug|Any CPU
		{202B5187-5E48-4347-BC56-A07B34FC231B}.Debug|ARM64.ActiveCfg = Debug|Any CPU
		{202B5187-5E48-4347-BC56-A07B34FC231B}.Debug|ARM64.Build.0 = Debug|Any CPU
		{202B5187-5E48-4347-BC56-A07B34FC231B}.Debug|x64.ActiveCfg = Debug|Any CPU
		{202B5187-5E48-4347-BC56-A07B34FC231B}.Debug|x64.Build.0 = Debug|Any CPU
		{202B5187-5E48-4347-BC56-A07B34FC231B}.Debug|x86.ActiveCfg = Debug|Any CPU
		{202B5187-5E48-4347-BC56-A07B34FC231B}.Debug|x86.Build.0 = Debug|Any CPU
		{202B5187-5E48-4347-BC56-A07B34FC231B}.Release|Any CPU.ActiveCfg = Release|Any CPU
		{202B5187-5E48-4347-BC56-A07B34FC231B}.Release|Any CPU.Build.0 = Release|Any CPU
		{202B5187-5E48-4347-BC56-A07B34FC231B}.Release|ARM.ActiveCfg = Release|Any CPU
		{202B5187-5E48-4347-BC56-A07B34FC231B}.Release|ARM.Build.0 = Release|Any CPU
		{202B5187-5E48-4347-BC56-A07B34FC231B}.Release|ARM64.ActiveCfg = Release|Any CPU
		{202B5187-5E48-4347-BC56-A07B34FC231B}.Release|ARM64.Build.0 = Release|Any CPU
		{202B5187-5E48-4347-BC56-A07B34FC231B}.Release|x64.ActiveCfg = Release|Any CPU
		{202B5187-5E48-4347-BC56-A07B34FC231B}.Release|x64.Build.0 = Release|Any CPU
		{202B5187-5E48-4347-BC56-A07B34FC231B}.Release|x86.ActiveCfg = Release|Any CPU
		{202B5187-5E48-4347-BC56-A07B34FC231B}.Release|x86.Build.0 = Release|Any CPU
		{BC621FA8-1F91-42C7-94B0-B9F71D35B117}.Debug|Any CPU.ActiveCfg = Debug|Any CPU
		{BC621FA8-1F91-42C7-94B0-B9F71D35B117}.Debug|Any CPU.Build.0 = Debug|Any CPU
		{BC621FA8-1F91-42C7-94B0-B9F71D35B117}.Debug|ARM.ActiveCfg = Debug|Any CPU
		{BC621FA8-1F91-42C7-94B0-B9F71D35B117}.Debug|ARM.Build.0 = Debug|Any CPU
		{BC621FA8-1F91-42C7-94B0-B9F71D35B117}.Debug|ARM64.ActiveCfg = Debug|Any CPU
		{BC621FA8-1F91-42C7-94B0-B9F71D35B117}.Debug|ARM64.Build.0 = Debug|Any CPU
		{BC621FA8-1F91-42C7-94B0-B9F71D35B117}.Debug|x64.ActiveCfg = Debug|Any CPU
		{BC621FA8-1F91-42C7-94B0-B9F71D35B117}.Debug|x64.Build.0 = Debug|Any CPU
		{BC621FA8-1F91-42C7-94B0-B9F71D35B117}.Debug|x86.ActiveCfg = Debug|Any CPU
		{BC621FA8-1F91-42C7-94B0-B9F71D35B117}.Debug|x86.Build.0 = Debug|Any CPU
		{BC621FA8-1F91-42C7-94B0-B9F71D35B117}.Release|Any CPU.ActiveCfg = Release|Any CPU
		{BC621FA8-1F91-42C7-94B0-B9F71D35B117}.Release|Any CPU.Build.0 = Release|Any CPU
		{BC621FA8-1F91-42C7-94B0-B9F71D35B117}.Release|ARM.ActiveCfg = Release|Any CPU
		{BC621FA8-1F91-42C7-94B0-B9F71D35B117}.Release|ARM.Build.0 = Release|Any CPU
		{BC621FA8-1F91-42C7-94B0-B9F71D35B117}.Release|ARM64.ActiveCfg = Release|Any CPU
		{BC621FA8-1F91-42C7-94B0-B9F71D35B117}.Release|ARM64.Build.0 = Release|Any CPU
		{BC621FA8-1F91-42C7-94B0-B9F71D35B117}.Release|x64.ActiveCfg = Release|Any CPU
		{BC621FA8-1F91-42C7-94B0-B9F71D35B117}.Release|x64.Build.0 = Release|Any CPU
		{BC621FA8-1F91-42C7-94B0-B9F71D35B117}.Release|x86.ActiveCfg = Release|Any CPU
		{BC621FA8-1F91-42C7-94B0-B9F71D35B117}.Release|x86.Build.0 = Release|Any CPU
		{5DF8D364-DDBC-4783-AD3F-5B695620FB0D}.Debug|Any CPU.ActiveCfg = Debug|Any CPU
		{5DF8D364-DDBC-4783-AD3F-5B695620FB0D}.Debug|Any CPU.Build.0 = Debug|Any CPU
		{5DF8D364-DDBC-4783-AD3F-5B695620FB0D}.Debug|ARM.ActiveCfg = Debug|Any CPU
		{5DF8D364-DDBC-4783-AD3F-5B695620FB0D}.Debug|ARM.Build.0 = Debug|Any CPU
		{5DF8D364-DDBC-4783-AD3F-5B695620FB0D}.Debug|ARM64.ActiveCfg = Debug|Any CPU
		{5DF8D364-DDBC-4783-AD3F-5B695620FB0D}.Debug|ARM64.Build.0 = Debug|Any CPU
		{5DF8D364-DDBC-4783-AD3F-5B695620FB0D}.Debug|x64.ActiveCfg = Debug|Any CPU
		{5DF8D364-DDBC-4783-AD3F-5B695620FB0D}.Debug|x64.Build.0 = Debug|Any CPU
		{5DF8D364-DDBC-4783-AD3F-5B695620FB0D}.Debug|x86.ActiveCfg = Debug|Any CPU
		{5DF8D364-DDBC-4783-AD3F-5B695620FB0D}.Debug|x86.Build.0 = Debug|Any CPU
		{5DF8D364-DDBC-4783-AD3F-5B695620FB0D}.Release|Any CPU.ActiveCfg = Release|Any CPU
		{5DF8D364-DDBC-4783-AD3F-5B695620FB0D}.Release|Any CPU.Build.0 = Release|Any CPU
		{5DF8D364-DDBC-4783-AD3F-5B695620FB0D}.Release|ARM.ActiveCfg = Release|Any CPU
		{5DF8D364-DDBC-4783-AD3F-5B695620FB0D}.Release|ARM.Build.0 = Release|Any CPU
		{5DF8D364-DDBC-4783-AD3F-5B695620FB0D}.Release|ARM64.ActiveCfg = Release|Any CPU
		{5DF8D364-DDBC-4783-AD3F-5B695620FB0D}.Release|ARM64.Build.0 = Release|Any CPU
		{5DF8D364-DDBC-4783-AD3F-5B695620FB0D}.Release|x64.ActiveCfg = Release|Any CPU
		{5DF8D364-DDBC-4783-AD3F-5B695620FB0D}.Release|x64.Build.0 = Release|Any CPU
		{5DF8D364-DDBC-4783-AD3F-5B695620FB0D}.Release|x86.ActiveCfg = Release|Any CPU
		{5DF8D364-DDBC-4783-AD3F-5B695620FB0D}.Release|x86.Build.0 = Release|Any CPU
		{93FCF9E4-1362-4E2B-BA55-BDA8F2856FC1}.Debug|Any CPU.ActiveCfg = Debug|Any CPU
		{93FCF9E4-1362-4E2B-BA55-BDA8F2856FC1}.Debug|Any CPU.Build.0 = Debug|Any CPU
		{93FCF9E4-1362-4E2B-BA55-BDA8F2856FC1}.Debug|ARM.ActiveCfg = Debug|Any CPU
		{93FCF9E4-1362-4E2B-BA55-BDA8F2856FC1}.Debug|ARM.Build.0 = Debug|Any CPU
		{93FCF9E4-1362-4E2B-BA55-BDA8F2856FC1}.Debug|ARM64.ActiveCfg = Debug|Any CPU
		{93FCF9E4-1362-4E2B-BA55-BDA8F2856FC1}.Debug|ARM64.Build.0 = Debug|Any CPU
		{93FCF9E4-1362-4E2B-BA55-BDA8F2856FC1}.Debug|x64.ActiveCfg = Debug|Any CPU
		{93FCF9E4-1362-4E2B-BA55-BDA8F2856FC1}.Debug|x64.Build.0 = Debug|Any CPU
		{93FCF9E4-1362-4E2B-BA55-BDA8F2856FC1}.Debug|x86.ActiveCfg = Debug|Any CPU
		{93FCF9E4-1362-4E2B-BA55-BDA8F2856FC1}.Debug|x86.Build.0 = Debug|Any CPU
		{93FCF9E4-1362-4E2B-BA55-BDA8F2856FC1}.Release|Any CPU.ActiveCfg = Release|Any CPU
		{93FCF9E4-1362-4E2B-BA55-BDA8F2856FC1}.Release|Any CPU.Build.0 = Release|Any CPU
		{93FCF9E4-1362-4E2B-BA55-BDA8F2856FC1}.Release|ARM.ActiveCfg = Release|Any CPU
		{93FCF9E4-1362-4E2B-BA55-BDA8F2856FC1}.Release|ARM.Build.0 = Release|Any CPU
		{93FCF9E4-1362-4E2B-BA55-BDA8F2856FC1}.Release|ARM64.ActiveCfg = Release|Any CPU
		{93FCF9E4-1362-4E2B-BA55-BDA8F2856FC1}.Release|ARM64.Build.0 = Release|Any CPU
		{93FCF9E4-1362-4E2B-BA55-BDA8F2856FC1}.Release|x64.ActiveCfg = Release|Any CPU
		{93FCF9E4-1362-4E2B-BA55-BDA8F2856FC1}.Release|x64.Build.0 = Release|Any CPU
		{93FCF9E4-1362-4E2B-BA55-BDA8F2856FC1}.Release|x86.ActiveCfg = Release|Any CPU
		{93FCF9E4-1362-4E2B-BA55-BDA8F2856FC1}.Release|x86.Build.0 = Release|Any CPU
		{7D942849-7ADD-4D61-B4C2-F86E8DA595D9}.Debug|Any CPU.ActiveCfg = Debug|Any CPU
		{7D942849-7ADD-4D61-B4C2-F86E8DA595D9}.Debug|Any CPU.Build.0 = Debug|Any CPU
		{7D942849-7ADD-4D61-B4C2-F86E8DA595D9}.Debug|ARM.ActiveCfg = Debug|Any CPU
		{7D942849-7ADD-4D61-B4C2-F86E8DA595D9}.Debug|ARM.Build.0 = Debug|Any CPU
		{7D942849-7ADD-4D61-B4C2-F86E8DA595D9}.Debug|ARM64.ActiveCfg = Debug|Any CPU
		{7D942849-7ADD-4D61-B4C2-F86E8DA595D9}.Debug|ARM64.Build.0 = Debug|Any CPU
		{7D942849-7ADD-4D61-B4C2-F86E8DA595D9}.Debug|x64.ActiveCfg = Debug|Any CPU
		{7D942849-7ADD-4D61-B4C2-F86E8DA595D9}.Debug|x64.Build.0 = Debug|Any CPU
		{7D942849-7ADD-4D61-B4C2-F86E8DA595D9}.Debug|x86.ActiveCfg = Debug|Any CPU
		{7D942849-7ADD-4D61-B4C2-F86E8DA595D9}.Debug|x86.Build.0 = Debug|Any CPU
		{7D942849-7ADD-4D61-B4C2-F86E8DA595D9}.Release|Any CPU.ActiveCfg = Release|Any CPU
		{7D942849-7ADD-4D61-B4C2-F86E8DA595D9}.Release|Any CPU.Build.0 = Release|Any CPU
		{7D942849-7ADD-4D61-B4C2-F86E8DA595D9}.Release|ARM.ActiveCfg = Release|Any CPU
		{7D942849-7ADD-4D61-B4C2-F86E8DA595D9}.Release|ARM.Build.0 = Release|Any CPU
		{7D942849-7ADD-4D61-B4C2-F86E8DA595D9}.Release|ARM64.ActiveCfg = Release|Any CPU
		{7D942849-7ADD-4D61-B4C2-F86E8DA595D9}.Release|ARM64.Build.0 = Release|Any CPU
		{7D942849-7ADD-4D61-B4C2-F86E8DA595D9}.Release|x64.ActiveCfg = Release|Any CPU
		{7D942849-7ADD-4D61-B4C2-F86E8DA595D9}.Release|x64.Build.0 = Release|Any CPU
		{7D942849-7ADD-4D61-B4C2-F86E8DA595D9}.Release|x86.ActiveCfg = Release|Any CPU
		{7D942849-7ADD-4D61-B4C2-F86E8DA595D9}.Release|x86.Build.0 = Release|Any CPU
		{8DA14052-DB9F-473D-8DE3-F615B6128EBF}.Debug|Any CPU.ActiveCfg = Debug|Any CPU
		{8DA14052-DB9F-473D-8DE3-F615B6128EBF}.Debug|Any CPU.Build.0 = Debug|Any CPU
		{8DA14052-DB9F-473D-8DE3-F615B6128EBF}.Debug|ARM.ActiveCfg = Debug|Any CPU
		{8DA14052-DB9F-473D-8DE3-F615B6128EBF}.Debug|ARM.Build.0 = Debug|Any CPU
		{8DA14052-DB9F-473D-8DE3-F615B6128EBF}.Debug|ARM64.ActiveCfg = Debug|Any CPU
		{8DA14052-DB9F-473D-8DE3-F615B6128EBF}.Debug|ARM64.Build.0 = Debug|Any CPU
		{8DA14052-DB9F-473D-8DE3-F615B6128EBF}.Debug|x64.ActiveCfg = Debug|Any CPU
		{8DA14052-DB9F-473D-8DE3-F615B6128EBF}.Debug|x64.Build.0 = Debug|Any CPU
		{8DA14052-DB9F-473D-8DE3-F615B6128EBF}.Debug|x86.ActiveCfg = Debug|Any CPU
		{8DA14052-DB9F-473D-8DE3-F615B6128EBF}.Debug|x86.Build.0 = Debug|Any CPU
		{8DA14052-DB9F-473D-8DE3-F615B6128EBF}.Release|Any CPU.ActiveCfg = Release|Any CPU
		{8DA14052-DB9F-473D-8DE3-F615B6128EBF}.Release|Any CPU.Build.0 = Release|Any CPU
		{8DA14052-DB9F-473D-8DE3-F615B6128EBF}.Release|ARM.ActiveCfg = Release|Any CPU
		{8DA14052-DB9F-473D-8DE3-F615B6128EBF}.Release|ARM.Build.0 = Release|Any CPU
		{8DA14052-DB9F-473D-8DE3-F615B6128EBF}.Release|ARM64.ActiveCfg = Release|Any CPU
		{8DA14052-DB9F-473D-8DE3-F615B6128EBF}.Release|ARM64.Build.0 = Release|Any CPU
		{8DA14052-DB9F-473D-8DE3-F615B6128EBF}.Release|x64.ActiveCfg = Release|Any CPU
		{8DA14052-DB9F-473D-8DE3-F615B6128EBF}.Release|x64.Build.0 = Release|Any CPU
		{8DA14052-DB9F-473D-8DE3-F615B6128EBF}.Release|x86.ActiveCfg = Release|Any CPU
		{8DA14052-DB9F-473D-8DE3-F615B6128EBF}.Release|x86.Build.0 = Release|Any CPU
		{A2556EAF-C637-4C31-B150-B49CD04CF2C6}.Debug|Any CPU.ActiveCfg = Debug|Any CPU
		{A2556EAF-C637-4C31-B150-B49CD04CF2C6}.Debug|Any CPU.Build.0 = Debug|Any CPU
		{A2556EAF-C637-4C31-B150-B49CD04CF2C6}.Debug|ARM.ActiveCfg = Debug|Any CPU
		{A2556EAF-C637-4C31-B150-B49CD04CF2C6}.Debug|ARM.Build.0 = Debug|Any CPU
		{A2556EAF-C637-4C31-B150-B49CD04CF2C6}.Debug|ARM64.ActiveCfg = Debug|Any CPU
		{A2556EAF-C637-4C31-B150-B49CD04CF2C6}.Debug|ARM64.Build.0 = Debug|Any CPU
		{A2556EAF-C637-4C31-B150-B49CD04CF2C6}.Debug|x64.ActiveCfg = Debug|Any CPU
		{A2556EAF-C637-4C31-B150-B49CD04CF2C6}.Debug|x64.Build.0 = Debug|Any CPU
		{A2556EAF-C637-4C31-B150-B49CD04CF2C6}.Debug|x86.ActiveCfg = Debug|Any CPU
		{A2556EAF-C637-4C31-B150-B49CD04CF2C6}.Debug|x86.Build.0 = Debug|Any CPU
		{A2556EAF-C637-4C31-B150-B49CD04CF2C6}.Release|Any CPU.ActiveCfg = Release|Any CPU
		{A2556EAF-C637-4C31-B150-B49CD04CF2C6}.Release|Any CPU.Build.0 = Release|Any CPU
		{A2556EAF-C637-4C31-B150-B49CD04CF2C6}.Release|ARM.ActiveCfg = Release|Any CPU
		{A2556EAF-C637-4C31-B150-B49CD04CF2C6}.Release|ARM.Build.0 = Release|Any CPU
		{A2556EAF-C637-4C31-B150-B49CD04CF2C6}.Release|ARM64.ActiveCfg = Release|Any CPU
		{A2556EAF-C637-4C31-B150-B49CD04CF2C6}.Release|ARM64.Build.0 = Release|Any CPU
		{A2556EAF-C637-4C31-B150-B49CD04CF2C6}.Release|x64.ActiveCfg = Release|Any CPU
		{A2556EAF-C637-4C31-B150-B49CD04CF2C6}.Release|x64.Build.0 = Release|Any CPU
		{A2556EAF-C637-4C31-B150-B49CD04CF2C6}.Release|x86.ActiveCfg = Release|Any CPU
		{A2556EAF-C637-4C31-B150-B49CD04CF2C6}.Release|x86.Build.0 = Release|Any CPU
		{4BF88759-5B7F-4760-9E79-274885727510}.Debug|Any CPU.ActiveCfg = Debug|Any CPU
		{4BF88759-5B7F-4760-9E79-274885727510}.Debug|Any CPU.Build.0 = Debug|Any CPU
		{4BF88759-5B7F-4760-9E79-274885727510}.Debug|ARM.ActiveCfg = Debug|Any CPU
		{4BF88759-5B7F-4760-9E79-274885727510}.Debug|ARM.Build.0 = Debug|Any CPU
		{4BF88759-5B7F-4760-9E79-274885727510}.Debug|ARM64.ActiveCfg = Debug|Any CPU
		{4BF88759-5B7F-4760-9E79-274885727510}.Debug|ARM64.Build.0 = Debug|Any CPU
		{4BF88759-5B7F-4760-9E79-274885727510}.Debug|x64.ActiveCfg = Debug|Any CPU
		{4BF88759-5B7F-4760-9E79-274885727510}.Debug|x64.Build.0 = Debug|Any CPU
		{4BF88759-5B7F-4760-9E79-274885727510}.Debug|x86.ActiveCfg = Debug|Any CPU
		{4BF88759-5B7F-4760-9E79-274885727510}.Debug|x86.Build.0 = Debug|Any CPU
		{4BF88759-5B7F-4760-9E79-274885727510}.Release|Any CPU.ActiveCfg = Release|Any CPU
		{4BF88759-5B7F-4760-9E79-274885727510}.Release|Any CPU.Build.0 = Release|Any CPU
		{4BF88759-5B7F-4760-9E79-274885727510}.Release|ARM.ActiveCfg = Release|Any CPU
		{4BF88759-5B7F-4760-9E79-274885727510}.Release|ARM.Build.0 = Release|Any CPU
		{4BF88759-5B7F-4760-9E79-274885727510}.Release|ARM64.ActiveCfg = Release|Any CPU
		{4BF88759-5B7F-4760-9E79-274885727510}.Release|ARM64.Build.0 = Release|Any CPU
		{4BF88759-5B7F-4760-9E79-274885727510}.Release|x64.ActiveCfg = Release|Any CPU
		{4BF88759-5B7F-4760-9E79-274885727510}.Release|x64.Build.0 = Release|Any CPU
		{4BF88759-5B7F-4760-9E79-274885727510}.Release|x86.ActiveCfg = Release|Any CPU
		{4BF88759-5B7F-4760-9E79-274885727510}.Release|x86.Build.0 = Release|Any CPU
		{77C4148C-9482-46B2-9FFF-22EB4AECEFD8}.Debug|Any CPU.ActiveCfg = Debug|Any CPU
		{77C4148C-9482-46B2-9FFF-22EB4AECEFD8}.Debug|Any CPU.Build.0 = Debug|Any CPU
		{77C4148C-9482-46B2-9FFF-22EB4AECEFD8}.Debug|ARM.ActiveCfg = Debug|Any CPU
		{77C4148C-9482-46B2-9FFF-22EB4AECEFD8}.Debug|ARM.Build.0 = Debug|Any CPU
		{77C4148C-9482-46B2-9FFF-22EB4AECEFD8}.Debug|ARM64.ActiveCfg = Debug|Any CPU
		{77C4148C-9482-46B2-9FFF-22EB4AECEFD8}.Debug|ARM64.Build.0 = Debug|Any CPU
		{77C4148C-9482-46B2-9FFF-22EB4AECEFD8}.Debug|x64.ActiveCfg = Debug|Any CPU
		{77C4148C-9482-46B2-9FFF-22EB4AECEFD8}.Debug|x64.Build.0 = Debug|Any CPU
		{77C4148C-9482-46B2-9FFF-22EB4AECEFD8}.Debug|x86.ActiveCfg = Debug|Any CPU
		{77C4148C-9482-46B2-9FFF-22EB4AECEFD8}.Debug|x86.Build.0 = Debug|Any CPU
		{77C4148C-9482-46B2-9FFF-22EB4AECEFD8}.Release|Any CPU.ActiveCfg = Release|Any CPU
		{77C4148C-9482-46B2-9FFF-22EB4AECEFD8}.Release|Any CPU.Build.0 = Release|Any CPU
		{77C4148C-9482-46B2-9FFF-22EB4AECEFD8}.Release|ARM.ActiveCfg = Release|Any CPU
		{77C4148C-9482-46B2-9FFF-22EB4AECEFD8}.Release|ARM.Build.0 = Release|Any CPU
		{77C4148C-9482-46B2-9FFF-22EB4AECEFD8}.Release|ARM64.ActiveCfg = Release|Any CPU
		{77C4148C-9482-46B2-9FFF-22EB4AECEFD8}.Release|ARM64.Build.0 = Release|Any CPU
		{77C4148C-9482-46B2-9FFF-22EB4AECEFD8}.Release|x64.ActiveCfg = Release|Any CPU
		{77C4148C-9482-46B2-9FFF-22EB4AECEFD8}.Release|x64.Build.0 = Release|Any CPU
		{77C4148C-9482-46B2-9FFF-22EB4AECEFD8}.Release|x86.ActiveCfg = Release|Any CPU
		{77C4148C-9482-46B2-9FFF-22EB4AECEFD8}.Release|x86.Build.0 = Release|Any CPU
		{A5CEBEFC-5CCD-4458-8CF2-DAD9D0E85B43}.Debug|Any CPU.ActiveCfg = Debug|Any CPU
		{A5CEBEFC-5CCD-4458-8CF2-DAD9D0E85B43}.Debug|Any CPU.Build.0 = Debug|Any CPU
		{A5CEBEFC-5CCD-4458-8CF2-DAD9D0E85B43}.Debug|ARM.ActiveCfg = Debug|Any CPU
		{A5CEBEFC-5CCD-4458-8CF2-DAD9D0E85B43}.Debug|ARM.Build.0 = Debug|Any CPU
		{A5CEBEFC-5CCD-4458-8CF2-DAD9D0E85B43}.Debug|ARM64.ActiveCfg = Debug|Any CPU
		{A5CEBEFC-5CCD-4458-8CF2-DAD9D0E85B43}.Debug|ARM64.Build.0 = Debug|Any CPU
		{A5CEBEFC-5CCD-4458-8CF2-DAD9D0E85B43}.Debug|x64.ActiveCfg = Debug|Any CPU
		{A5CEBEFC-5CCD-4458-8CF2-DAD9D0E85B43}.Debug|x64.Build.0 = Debug|Any CPU
		{A5CEBEFC-5CCD-4458-8CF2-DAD9D0E85B43}.Debug|x86.ActiveCfg = Debug|Any CPU
		{A5CEBEFC-5CCD-4458-8CF2-DAD9D0E85B43}.Debug|x86.Build.0 = Debug|Any CPU
		{A5CEBEFC-5CCD-4458-8CF2-DAD9D0E85B43}.Release|Any CPU.ActiveCfg = Release|Any CPU
		{A5CEBEFC-5CCD-4458-8CF2-DAD9D0E85B43}.Release|Any CPU.Build.0 = Release|Any CPU
		{A5CEBEFC-5CCD-4458-8CF2-DAD9D0E85B43}.Release|ARM.ActiveCfg = Release|Any CPU
		{A5CEBEFC-5CCD-4458-8CF2-DAD9D0E85B43}.Release|ARM.Build.0 = Release|Any CPU
		{A5CEBEFC-5CCD-4458-8CF2-DAD9D0E85B43}.Release|ARM64.ActiveCfg = Release|Any CPU
		{A5CEBEFC-5CCD-4458-8CF2-DAD9D0E85B43}.Release|ARM64.Build.0 = Release|Any CPU
		{A5CEBEFC-5CCD-4458-8CF2-DAD9D0E85B43}.Release|x64.ActiveCfg = Release|Any CPU
		{A5CEBEFC-5CCD-4458-8CF2-DAD9D0E85B43}.Release|x64.Build.0 = Release|Any CPU
		{A5CEBEFC-5CCD-4458-8CF2-DAD9D0E85B43}.Release|x86.ActiveCfg = Release|Any CPU
		{A5CEBEFC-5CCD-4458-8CF2-DAD9D0E85B43}.Release|x86.Build.0 = Release|Any CPU
		{4418DD1A-4B8F-4E09-82EC-4070B111970B}.Debug|Any CPU.ActiveCfg = Debug|Any CPU
		{4418DD1A-4B8F-4E09-82EC-4070B111970B}.Debug|Any CPU.Build.0 = Debug|Any CPU
		{4418DD1A-4B8F-4E09-82EC-4070B111970B}.Debug|ARM.ActiveCfg = Debug|Any CPU
		{4418DD1A-4B8F-4E09-82EC-4070B111970B}.Debug|ARM.Build.0 = Debug|Any CPU
		{4418DD1A-4B8F-4E09-82EC-4070B111970B}.Debug|ARM64.ActiveCfg = Debug|Any CPU
		{4418DD1A-4B8F-4E09-82EC-4070B111970B}.Debug|ARM64.Build.0 = Debug|Any CPU
		{4418DD1A-4B8F-4E09-82EC-4070B111970B}.Debug|x64.ActiveCfg = Debug|Any CPU
		{4418DD1A-4B8F-4E09-82EC-4070B111970B}.Debug|x64.Build.0 = Debug|Any CPU
		{4418DD1A-4B8F-4E09-82EC-4070B111970B}.Debug|x86.ActiveCfg = Debug|Any CPU
		{4418DD1A-4B8F-4E09-82EC-4070B111970B}.Debug|x86.Build.0 = Debug|Any CPU
		{4418DD1A-4B8F-4E09-82EC-4070B111970B}.Release|Any CPU.ActiveCfg = Release|Any CPU
		{4418DD1A-4B8F-4E09-82EC-4070B111970B}.Release|Any CPU.Build.0 = Release|Any CPU
		{4418DD1A-4B8F-4E09-82EC-4070B111970B}.Release|ARM.ActiveCfg = Release|Any CPU
		{4418DD1A-4B8F-4E09-82EC-4070B111970B}.Release|ARM.Build.0 = Release|Any CPU
		{4418DD1A-4B8F-4E09-82EC-4070B111970B}.Release|ARM64.ActiveCfg = Release|Any CPU
		{4418DD1A-4B8F-4E09-82EC-4070B111970B}.Release|ARM64.Build.0 = Release|Any CPU
		{4418DD1A-4B8F-4E09-82EC-4070B111970B}.Release|x64.ActiveCfg = Release|Any CPU
		{4418DD1A-4B8F-4E09-82EC-4070B111970B}.Release|x64.Build.0 = Release|Any CPU
		{4418DD1A-4B8F-4E09-82EC-4070B111970B}.Release|x86.ActiveCfg = Release|Any CPU
		{4418DD1A-4B8F-4E09-82EC-4070B111970B}.Release|x86.Build.0 = Release|Any CPU
		{5A5FB842-EAA0-4A76-995D-521608584767}.Debug|Any CPU.ActiveCfg = Debug|x86
		{5A5FB842-EAA0-4A76-995D-521608584767}.Debug|ARM.ActiveCfg = Debug|x86
		{5A5FB842-EAA0-4A76-995D-521608584767}.Debug|ARM.Build.0 = Debug|x86
		{5A5FB842-EAA0-4A76-995D-521608584767}.Debug|ARM64.ActiveCfg = Debug|x86
		{5A5FB842-EAA0-4A76-995D-521608584767}.Debug|ARM64.Build.0 = Debug|x86
		{5A5FB842-EAA0-4A76-995D-521608584767}.Debug|x64.ActiveCfg = Debug|x86
		{5A5FB842-EAA0-4A76-995D-521608584767}.Debug|x64.Build.0 = Debug|x86
		{5A5FB842-EAA0-4A76-995D-521608584767}.Debug|x86.ActiveCfg = Debug|x86
		{5A5FB842-EAA0-4A76-995D-521608584767}.Debug|x86.Build.0 = Debug|x86
		{5A5FB842-EAA0-4A76-995D-521608584767}.Release|Any CPU.ActiveCfg = Release|x86
		{5A5FB842-EAA0-4A76-995D-521608584767}.Release|ARM.ActiveCfg = Release|x86
		{5A5FB842-EAA0-4A76-995D-521608584767}.Release|ARM.Build.0 = Release|x86
		{5A5FB842-EAA0-4A76-995D-521608584767}.Release|ARM64.ActiveCfg = Release|x86
		{5A5FB842-EAA0-4A76-995D-521608584767}.Release|ARM64.Build.0 = Release|x86
		{5A5FB842-EAA0-4A76-995D-521608584767}.Release|x64.ActiveCfg = Release|x86
		{5A5FB842-EAA0-4A76-995D-521608584767}.Release|x64.Build.0 = Release|x86
		{5A5FB842-EAA0-4A76-995D-521608584767}.Release|x86.ActiveCfg = Release|x86
		{5A5FB842-EAA0-4A76-995D-521608584767}.Release|x86.Build.0 = Release|x86
		{85A8D661-4887-4F51-9F93-A879E25AA0E9}.Debug|Any CPU.ActiveCfg = Debug|Any CPU
		{85A8D661-4887-4F51-9F93-A879E25AA0E9}.Debug|Any CPU.Build.0 = Debug|Any CPU
		{85A8D661-4887-4F51-9F93-A879E25AA0E9}.Debug|ARM.ActiveCfg = Debug|Any CPU
		{85A8D661-4887-4F51-9F93-A879E25AA0E9}.Debug|ARM.Build.0 = Debug|Any CPU
		{85A8D661-4887-4F51-9F93-A879E25AA0E9}.Debug|ARM64.ActiveCfg = Debug|Any CPU
		{85A8D661-4887-4F51-9F93-A879E25AA0E9}.Debug|ARM64.Build.0 = Debug|Any CPU
		{85A8D661-4887-4F51-9F93-A879E25AA0E9}.Debug|x64.ActiveCfg = Debug|Any CPU
		{85A8D661-4887-4F51-9F93-A879E25AA0E9}.Debug|x64.Build.0 = Debug|Any CPU
		{85A8D661-4887-4F51-9F93-A879E25AA0E9}.Debug|x86.ActiveCfg = Debug|Any CPU
		{85A8D661-4887-4F51-9F93-A879E25AA0E9}.Debug|x86.Build.0 = Debug|Any CPU
		{85A8D661-4887-4F51-9F93-A879E25AA0E9}.Release|Any CPU.ActiveCfg = Release|Any CPU
		{85A8D661-4887-4F51-9F93-A879E25AA0E9}.Release|Any CPU.Build.0 = Release|Any CPU
		{85A8D661-4887-4F51-9F93-A879E25AA0E9}.Release|ARM.ActiveCfg = Release|Any CPU
		{85A8D661-4887-4F51-9F93-A879E25AA0E9}.Release|ARM.Build.0 = Release|Any CPU
		{85A8D661-4887-4F51-9F93-A879E25AA0E9}.Release|ARM64.ActiveCfg = Release|Any CPU
		{85A8D661-4887-4F51-9F93-A879E25AA0E9}.Release|ARM64.Build.0 = Release|Any CPU
		{85A8D661-4887-4F51-9F93-A879E25AA0E9}.Release|x64.ActiveCfg = Release|Any CPU
		{85A8D661-4887-4F51-9F93-A879E25AA0E9}.Release|x64.Build.0 = Release|Any CPU
		{85A8D661-4887-4F51-9F93-A879E25AA0E9}.Release|x86.ActiveCfg = Release|Any CPU
		{85A8D661-4887-4F51-9F93-A879E25AA0E9}.Release|x86.Build.0 = Release|Any CPU
		{10CF8AD6-81EE-4F4B-BA29-3C6153027B28}.Debug|Any CPU.ActiveCfg = Debug|Any CPU
		{10CF8AD6-81EE-4F4B-BA29-3C6153027B28}.Debug|Any CPU.Build.0 = Debug|Any CPU
		{10CF8AD6-81EE-4F4B-BA29-3C6153027B28}.Debug|ARM.ActiveCfg = Debug|Any CPU
		{10CF8AD6-81EE-4F4B-BA29-3C6153027B28}.Debug|ARM.Build.0 = Debug|Any CPU
		{10CF8AD6-81EE-4F4B-BA29-3C6153027B28}.Debug|ARM64.ActiveCfg = Debug|Any CPU
		{10CF8AD6-81EE-4F4B-BA29-3C6153027B28}.Debug|ARM64.Build.0 = Debug|Any CPU
		{10CF8AD6-81EE-4F4B-BA29-3C6153027B28}.Debug|x64.ActiveCfg = Debug|Any CPU
		{10CF8AD6-81EE-4F4B-BA29-3C6153027B28}.Debug|x64.Build.0 = Debug|Any CPU
		{10CF8AD6-81EE-4F4B-BA29-3C6153027B28}.Debug|x86.ActiveCfg = Debug|Any CPU
		{10CF8AD6-81EE-4F4B-BA29-3C6153027B28}.Debug|x86.Build.0 = Debug|Any CPU
		{10CF8AD6-81EE-4F4B-BA29-3C6153027B28}.Release|Any CPU.ActiveCfg = Release|Any CPU
		{10CF8AD6-81EE-4F4B-BA29-3C6153027B28}.Release|Any CPU.Build.0 = Release|Any CPU
		{10CF8AD6-81EE-4F4B-BA29-3C6153027B28}.Release|ARM.ActiveCfg = Release|Any CPU
		{10CF8AD6-81EE-4F4B-BA29-3C6153027B28}.Release|ARM.Build.0 = Release|Any CPU
		{10CF8AD6-81EE-4F4B-BA29-3C6153027B28}.Release|ARM64.ActiveCfg = Release|Any CPU
		{10CF8AD6-81EE-4F4B-BA29-3C6153027B28}.Release|ARM64.Build.0 = Release|Any CPU
		{10CF8AD6-81EE-4F4B-BA29-3C6153027B28}.Release|x64.ActiveCfg = Release|Any CPU
		{10CF8AD6-81EE-4F4B-BA29-3C6153027B28}.Release|x64.Build.0 = Release|Any CPU
		{10CF8AD6-81EE-4F4B-BA29-3C6153027B28}.Release|x86.ActiveCfg = Release|Any CPU
		{10CF8AD6-81EE-4F4B-BA29-3C6153027B28}.Release|x86.Build.0 = Release|Any CPU
		{AD1CFE4B-050E-4EE3-A6D8-9441BEB96413}.Debug|Any CPU.ActiveCfg = Debug|Any CPU
		{AD1CFE4B-050E-4EE3-A6D8-9441BEB96413}.Debug|Any CPU.Build.0 = Debug|Any CPU
		{AD1CFE4B-050E-4EE3-A6D8-9441BEB96413}.Debug|ARM.ActiveCfg = Debug|Any CPU
		{AD1CFE4B-050E-4EE3-A6D8-9441BEB96413}.Debug|ARM.Build.0 = Debug|Any CPU
		{AD1CFE4B-050E-4EE3-A6D8-9441BEB96413}.Debug|ARM64.ActiveCfg = Debug|Any CPU
		{AD1CFE4B-050E-4EE3-A6D8-9441BEB96413}.Debug|ARM64.Build.0 = Debug|Any CPU
		{AD1CFE4B-050E-4EE3-A6D8-9441BEB96413}.Debug|x64.ActiveCfg = Debug|Any CPU
		{AD1CFE4B-050E-4EE3-A6D8-9441BEB96413}.Debug|x64.Build.0 = Debug|Any CPU
		{AD1CFE4B-050E-4EE3-A6D8-9441BEB96413}.Debug|x86.ActiveCfg = Debug|Any CPU
		{AD1CFE4B-050E-4EE3-A6D8-9441BEB96413}.Debug|x86.Build.0 = Debug|Any CPU
		{AD1CFE4B-050E-4EE3-A6D8-9441BEB96413}.Release|Any CPU.ActiveCfg = Release|Any CPU
		{AD1CFE4B-050E-4EE3-A6D8-9441BEB96413}.Release|Any CPU.Build.0 = Release|Any CPU
		{AD1CFE4B-050E-4EE3-A6D8-9441BEB96413}.Release|ARM.ActiveCfg = Release|Any CPU
		{AD1CFE4B-050E-4EE3-A6D8-9441BEB96413}.Release|ARM.Build.0 = Release|Any CPU
		{AD1CFE4B-050E-4EE3-A6D8-9441BEB96413}.Release|ARM64.ActiveCfg = Release|Any CPU
		{AD1CFE4B-050E-4EE3-A6D8-9441BEB96413}.Release|ARM64.Build.0 = Release|Any CPU
		{AD1CFE4B-050E-4EE3-A6D8-9441BEB96413}.Release|x64.ActiveCfg = Release|Any CPU
		{AD1CFE4B-050E-4EE3-A6D8-9441BEB96413}.Release|x64.Build.0 = Release|Any CPU
		{AD1CFE4B-050E-4EE3-A6D8-9441BEB96413}.Release|x86.ActiveCfg = Release|Any CPU
		{AD1CFE4B-050E-4EE3-A6D8-9441BEB96413}.Release|x86.Build.0 = Release|Any CPU
		{9CDAD45F-EA5D-4D52-8441-234D3CEE2F70}.Debug|Any CPU.ActiveCfg = Debug|Any CPU
		{9CDAD45F-EA5D-4D52-8441-234D3CEE2F70}.Debug|Any CPU.Build.0 = Debug|Any CPU
		{9CDAD45F-EA5D-4D52-8441-234D3CEE2F70}.Debug|ARM.ActiveCfg = Debug|Any CPU
		{9CDAD45F-EA5D-4D52-8441-234D3CEE2F70}.Debug|ARM.Build.0 = Debug|Any CPU
		{9CDAD45F-EA5D-4D52-8441-234D3CEE2F70}.Debug|ARM64.ActiveCfg = Debug|Any CPU
		{9CDAD45F-EA5D-4D52-8441-234D3CEE2F70}.Debug|ARM64.Build.0 = Debug|Any CPU
		{9CDAD45F-EA5D-4D52-8441-234D3CEE2F70}.Debug|x64.ActiveCfg = Debug|Any CPU
		{9CDAD45F-EA5D-4D52-8441-234D3CEE2F70}.Debug|x64.Build.0 = Debug|Any CPU
		{9CDAD45F-EA5D-4D52-8441-234D3CEE2F70}.Debug|x86.ActiveCfg = Debug|Any CPU
		{9CDAD45F-EA5D-4D52-8441-234D3CEE2F70}.Debug|x86.Build.0 = Debug|Any CPU
		{9CDAD45F-EA5D-4D52-8441-234D3CEE2F70}.Release|Any CPU.ActiveCfg = Release|Any CPU
		{9CDAD45F-EA5D-4D52-8441-234D3CEE2F70}.Release|Any CPU.Build.0 = Release|Any CPU
		{9CDAD45F-EA5D-4D52-8441-234D3CEE2F70}.Release|ARM.ActiveCfg = Release|Any CPU
		{9CDAD45F-EA5D-4D52-8441-234D3CEE2F70}.Release|ARM.Build.0 = Release|Any CPU
		{9CDAD45F-EA5D-4D52-8441-234D3CEE2F70}.Release|ARM64.ActiveCfg = Release|Any CPU
		{9CDAD45F-EA5D-4D52-8441-234D3CEE2F70}.Release|ARM64.Build.0 = Release|Any CPU
		{9CDAD45F-EA5D-4D52-8441-234D3CEE2F70}.Release|x64.ActiveCfg = Release|Any CPU
		{9CDAD45F-EA5D-4D52-8441-234D3CEE2F70}.Release|x64.Build.0 = Release|Any CPU
		{9CDAD45F-EA5D-4D52-8441-234D3CEE2F70}.Release|x86.ActiveCfg = Release|Any CPU
		{9CDAD45F-EA5D-4D52-8441-234D3CEE2F70}.Release|x86.Build.0 = Release|Any CPU
	EndGlobalSection
	GlobalSection(SolutionProperties) = preSolution
		HideSolutionNode = FALSE
	EndGlobalSection
	GlobalSection(NestedProjects) = preSolution
		{4F2C9DBA-67DB-4A07-93A0-2CC065DCC8F3} = {503F8C5D-36D7-43D5-A401-BE99FE775150}
		{9D5014F4-D9E3-4BA9-AC02-872BEA964B8B} = {080E12BE-B3FC-4CF6-913C-A8DF562541E0}
		{367E1555-D014-4123-A62E-380A8503CA69} = {080E12BE-B3FC-4CF6-913C-A8DF562541E0}
		{54E84221-D546-4900-9482-45540C83E69F} = {080E12BE-B3FC-4CF6-913C-A8DF562541E0}
		{6595C9F8-EF30-4BD9-B5D4-777396AF29C5} = {080E12BE-B3FC-4CF6-913C-A8DF562541E0}
		{AC405364-69A1-4C30-9AD9-C5BA24FFABAF} = {080E12BE-B3FC-4CF6-913C-A8DF562541E0}
		{E39C5EAE-2F93-4E08-9D8E-905F47D0B0FA} = {080E12BE-B3FC-4CF6-913C-A8DF562541E0}
		{1652BA43-F1A8-48CA-972A-73D5D04CCC4D} = {080E12BE-B3FC-4CF6-913C-A8DF562541E0}
		{202B5187-5E48-4347-BC56-A07B34FC231B} = {080E12BE-B3FC-4CF6-913C-A8DF562541E0}
		{BC621FA8-1F91-42C7-94B0-B9F71D35B117} = {080E12BE-B3FC-4CF6-913C-A8DF562541E0}
		{5DF8D364-DDBC-4783-AD3F-5B695620FB0D} = {080E12BE-B3FC-4CF6-913C-A8DF562541E0}
		{93FCF9E4-1362-4E2B-BA55-BDA8F2856FC1} = {080E12BE-B3FC-4CF6-913C-A8DF562541E0}
		{7D942849-7ADD-4D61-B4C2-F86E8DA595D9} = {B284F103-7FA4-4EEB-B4C2-8191784894B7}
		{8DA14052-DB9F-473D-8DE3-F615B6128EBF} = {B284F103-7FA4-4EEB-B4C2-8191784894B7}
		{A2556EAF-C637-4C31-B150-B49CD04CF2C6} = {B284F103-7FA4-4EEB-B4C2-8191784894B7}
		{4BF88759-5B7F-4760-9E79-274885727510} = {B284F103-7FA4-4EEB-B4C2-8191784894B7}
		{77C4148C-9482-46B2-9FFF-22EB4AECEFD8} = {B284F103-7FA4-4EEB-B4C2-8191784894B7}
		{A5CEBEFC-5CCD-4458-8CF2-DAD9D0E85B43} = {B284F103-7FA4-4EEB-B4C2-8191784894B7}
		{4418DD1A-4B8F-4E09-82EC-4070B111970B} = {B284F103-7FA4-4EEB-B4C2-8191784894B7}
		{5A5FB842-EAA0-4A76-995D-521608584767} = {764B2F99-6A39-4161-B112-5258AE8A865F}
		{85A8D661-4887-4F51-9F93-A879E25AA0E9} = {B284F103-7FA4-4EEB-B4C2-8191784894B7}
		{10CF8AD6-81EE-4F4B-BA29-3C6153027B28} = {B284F103-7FA4-4EEB-B4C2-8191784894B7}
		{AD1CFE4B-050E-4EE3-A6D8-9441BEB96413} = {B284F103-7FA4-4EEB-B4C2-8191784894B7}
		{9CDAD45F-EA5D-4D52-8441-234D3CEE2F70} = {B284F103-7FA4-4EEB-B4C2-8191784894B7}
	EndGlobalSection
	GlobalSection(ExtensibilityGlobals) = postSolution
		SolutionGuid = {E5329698-FAD4-4809-99B7-30DA1E16067A}
	EndGlobalSection
EndGlobal
